// !$*UTF8*$!
{
	archiveVersion = 1;
	classes = {
	};
	objectVersion = 48;
	objects = {

/* Begin PBXBuildFile section */
		0403A0042019A9B200D4DF1B /* ZJTimeCountDownViewController.m in Sources */ = {isa = PBXBuildFile; fileRef = 0403A0032019A9B200D4DF1B /* ZJTimeCountDownViewController.m */; };
		0403A0082019B1D600D4DF1B /* ZJTimeCountDownCell.m in Sources */ = {isa = PBXBuildFile; fileRef = 0403A0072019B1D600D4DF1B /* ZJTimeCountDownCell.m */; };
		042190C020186182009056E2 /* ZJMainViewController.m in Sources */ = {isa = PBXBuildFile; fileRef = 042190BF20186182009056E2 /* ZJMainViewController.m */; };
		042190C320186A8A009056E2 /* ZJKitAndMasonryViewController.m in Sources */ = {isa = PBXBuildFile; fileRef = 042190C220186A8A009056E2 /* ZJKitAndMasonryViewController.m */; };
		04242DE01FDA3AE2004682D3 /* ZJChooseViewController.m in Sources */ = {isa = PBXBuildFile; fileRef = 04242DDF1FDA3AE2004682D3 /* ZJChooseViewController.m */; };
		044EE082201ACB3200ACFC0A /* ZJMasonryAutolayoutCellViewController.m in Sources */ = {isa = PBXBuildFile; fileRef = 044EE081201ACB3200ACFC0A /* ZJMasonryAutolayoutCellViewController.m */; };
		044EE085201ACCD200ACFC0A /* ZJMasonryAutolayoutCell.m in Sources */ = {isa = PBXBuildFile; fileRef = 044EE084201ACCD200ACFC0A /* ZJMasonryAutolayoutCell.m */; };
		044EE194201B133200ACFC0A /* ZJKitBaseController.m in Sources */ = {isa = PBXBuildFile; fileRef = 044EE12D201B133200ACFC0A /* ZJKitBaseController.m */; };
		044EE195201B133200ACFC0A /* ZJKitNaigationController.m in Sources */ = {isa = PBXBuildFile; fileRef = 044EE12F201B133200ACFC0A /* ZJKitNaigationController.m */; };
		044EE196201B133200ACFC0A /* NSArray+ZJHelperKit.m in Sources */ = {isa = PBXBuildFile; fileRef = 044EE132201B133200ACFC0A /* NSArray+ZJHelperKit.m */; };
		044EE197201B133200ACFC0A /* NSDate+ZJHelperKit.m in Sources */ = {isa = PBXBuildFile; fileRef = 044EE134201B133200ACFC0A /* NSDate+ZJHelperKit.m */; };
		044EE198201B133200ACFC0A /* NSDictionary+ZJHelperKit.m in Sources */ = {isa = PBXBuildFile; fileRef = 044EE136201B133200ACFC0A /* NSDictionary+ZJHelperKit.m */; };
		044EE199201B133200ACFC0A /* NSFileManager+ZJHelperKit.m in Sources */ = {isa = PBXBuildFile; fileRef = 044EE138201B133200ACFC0A /* NSFileManager+ZJHelperKit.m */; };
		044EE19A201B133200ACFC0A /* NSMutableArray+ZJHelperKit.m in Sources */ = {isa = PBXBuildFile; fileRef = 044EE13A201B133200ACFC0A /* NSMutableArray+ZJHelperKit.m */; };
		044EE19B201B133200ACFC0A /* NSMutableDictionary+ZJHelperKit.m in Sources */ = {isa = PBXBuildFile; fileRef = 044EE13C201B133200ACFC0A /* NSMutableDictionary+ZJHelperKit.m */; };
		044EE19C201B133200ACFC0A /* NSNumber+ZJHelperKit.m in Sources */ = {isa = PBXBuildFile; fileRef = 044EE13E201B133200ACFC0A /* NSNumber+ZJHelperKit.m */; };
		044EE19D201B133200ACFC0A /* NSObject+ZJHelperKit.m in Sources */ = {isa = PBXBuildFile; fileRef = 044EE140201B133200ACFC0A /* NSObject+ZJHelperKit.m */; };
		044EE19E201B133200ACFC0A /* NSString+ZJHelperKit.m in Sources */ = {isa = PBXBuildFile; fileRef = 044EE142201B133200ACFC0A /* NSString+ZJHelperKit.m */; };
		044EE19F201B133200ACFC0A /* NSTimer+ZJHelperKit.m in Sources */ = {isa = PBXBuildFile; fileRef = 044EE144201B133200ACFC0A /* NSTimer+ZJHelperKit.m */; };
		044EE1A0201B133200ACFC0A /* NSUserDefaults+ZJHelperKit.m in Sources */ = {isa = PBXBuildFile; fileRef = 044EE146201B133200ACFC0A /* NSUserDefaults+ZJHelperKit.m */; };
		044EE1A1201B133200ACFC0A /* UIActionSheet+ZJHelperKit.m in Sources */ = {isa = PBXBuildFile; fileRef = 044EE148201B133200ACFC0A /* UIActionSheet+ZJHelperKit.m */; };
		044EE1A2201B133200ACFC0A /* UIAlertView+ZJHelperKitUIKit.m in Sources */ = {isa = PBXBuildFile; fileRef = 044EE14A201B133200ACFC0A /* UIAlertView+ZJHelperKitUIKit.m */; };
		044EE1A3201B133200ACFC0A /* UIColor+ZJHelperKitUIkit.m in Sources */ = {isa = PBXBuildFile; fileRef = 044EE14C201B133200ACFC0A /* UIColor+ZJHelperKitUIkit.m */; };
		044EE1A4201B133200ACFC0A /* UIControl+ZJHelperBlockKit.m in Sources */ = {isa = PBXBuildFile; fileRef = 044EE14E201B133200ACFC0A /* UIControl+ZJHelperBlockKit.m */; };
		044EE1A5201B133200ACFC0A /* UIDevice+ZJHelperKitUIKit.m in Sources */ = {isa = PBXBuildFile; fileRef = 044EE150201B133200ACFC0A /* UIDevice+ZJHelperKitUIKit.m */; };
		044EE1A6201B133200ACFC0A /* UIGestureRecognizer+ZJHelperBlockKit.m in Sources */ = {isa = PBXBuildFile; fileRef = 044EE152201B133200ACFC0A /* UIGestureRecognizer+ZJHelperBlockKit.m */; };
		044EE1A7201B133200ACFC0A /* UIImageView+ZJCornerRadiusHelperKit.m in Sources */ = {isa = PBXBuildFile; fileRef = 044EE154201B133200ACFC0A /* UIImageView+ZJCornerRadiusHelperKit.m */; };
		044EE1A8201B133200ACFC0A /* UITextView+ZJHelperKit.m in Sources */ = {isa = PBXBuildFile; fileRef = 044EE156201B133200ACFC0A /* UITextView+ZJHelperKit.m */; };
		044EE1A9201B133200ACFC0A /* UIView+ZJHelperKitUIkit.m in Sources */ = {isa = PBXBuildFile; fileRef = 044EE158201B133200ACFC0A /* UIView+ZJHelperKitUIkit.m */; };
		044EE1AA201B133200ACFC0A /* UIView+ZJHUDHelperKit.m in Sources */ = {isa = PBXBuildFile; fileRef = 044EE15A201B133200ACFC0A /* UIView+ZJHUDHelperKit.m */; };
		044EE1AB201B133200ACFC0A /* ZJCommonKit.m in Sources */ = {isa = PBXBuildFile; fileRef = 044EE15C201B133200ACFC0A /* ZJCommonKit.m */; };
		044EE1AC201B133200ACFC0A /* UIButton+ZJMasonryKit.m in Sources */ = {isa = PBXBuildFile; fileRef = 044EE15F201B133200ACFC0A /* UIButton+ZJMasonryKit.m */; };
		044EE1AD201B133200ACFC0A /* UICollectionView+ZJMasonryKit.m in Sources */ = {isa = PBXBuildFile; fileRef = 044EE161201B133200ACFC0A /* UICollectionView+ZJMasonryKit.m */; };
		044EE1AE201B133200ACFC0A /* UIImageView+ZJMasonryKit.m in Sources */ = {isa = PBXBuildFile; fileRef = 044EE163201B133200ACFC0A /* UIImageView+ZJMasonryKit.m */; };
		044EE1AF201B133200ACFC0A /* UILabel+ZJMasonryKit.m in Sources */ = {isa = PBXBuildFile; fileRef = 044EE165201B133200ACFC0A /* UILabel+ZJMasonryKit.m */; };
		044EE1B0201B133200ACFC0A /* UITableView+ZJMarsonryKit.m in Sources */ = {isa = PBXBuildFile; fileRef = 044EE167201B133200ACFC0A /* UITableView+ZJMarsonryKit.m */; };
		044EE1B1201B133200ACFC0A /* UITextField+ZJMasonryKit.m in Sources */ = {isa = PBXBuildFile; fileRef = 044EE169201B133200ACFC0A /* UITextField+ZJMasonryKit.m */; };
		044EE1B2201B133200ACFC0A /* UITextView+ZJMasonryKit.m in Sources */ = {isa = PBXBuildFile; fileRef = 044EE16B201B133200ACFC0A /* UITextView+ZJMasonryKit.m */; };
		044EE1B3201B133200ACFC0A /* UIView+ZJMasonryKit.m in Sources */ = {isa = PBXBuildFile; fileRef = 044EE16D201B133200ACFC0A /* UIView+ZJMasonryKit.m */; };
		044EE1B4201B133200ACFC0A /* UIWebView+ZJMasonryKit.m in Sources */ = {isa = PBXBuildFile; fileRef = 044EE16F201B133200ACFC0A /* UIWebView+ZJMasonryKit.m */; };
		044EE1B5201B133200ACFC0A /* ZJBaseTableViewCell.m in Sources */ = {isa = PBXBuildFile; fileRef = 044EE173201B133200ACFC0A /* ZJBaseTableViewCell.m */; };
		044EE1B6201B133200ACFC0A /* NSString+ZJString.m in Sources */ = {isa = PBXBuildFile; fileRef = 044EE177201B133200ACFC0A /* NSString+ZJString.m */; };
		044EE1B7201B133200ACFC0A /* UIAlertController+ZJAlert.m in Sources */ = {isa = PBXBuildFile; fileRef = 044EE179201B133200ACFC0A /* UIAlertController+ZJAlert.m */; };
		044EE1B8201B133200ACFC0A /* UIButton+ZJButton.m in Sources */ = {isa = PBXBuildFile; fileRef = 044EE17B201B133200ACFC0A /* UIButton+ZJButton.m */; };
		044EE1B9201B133200ACFC0A /* UIColor+ZJColor.m in Sources */ = {isa = PBXBuildFile; fileRef = 044EE17D201B133200ACFC0A /* UIColor+ZJColor.m */; };
		044EE1BA201B133200ACFC0A /* UIDevice+ZJDivice.m in Sources */ = {isa = PBXBuildFile; fileRef = 044EE17F201B133200ACFC0A /* UIDevice+ZJDivice.m */; };
		044EE1BB201B133200ACFC0A /* UIImage+ZJImage.m in Sources */ = {isa = PBXBuildFile; fileRef = 044EE181201B133200ACFC0A /* UIImage+ZJImage.m */; };
		044EE1BC201B133200ACFC0A /* UIImageView+ZJImageView.m in Sources */ = {isa = PBXBuildFile; fileRef = 044EE183201B133200ACFC0A /* UIImageView+ZJImageView.m */; };
		044EE1BD201B133200ACFC0A /* UILabel+ZJLabel.m in Sources */ = {isa = PBXBuildFile; fileRef = 044EE185201B133200ACFC0A /* UILabel+ZJLabel.m */; };
		044EE1BE201B133200ACFC0A /* UIScrollView+ZJScrollView.m in Sources */ = {isa = PBXBuildFile; fileRef = 044EE187201B133200ACFC0A /* UIScrollView+ZJScrollView.m */; };
		044EE1BF201B133200ACFC0A /* UITextField+ZJTextField.m in Sources */ = {isa = PBXBuildFile; fileRef = 044EE189201B133200ACFC0A /* UITextField+ZJTextField.m */; };
		044EE1C0201B133200ACFC0A /* UITextView+ZJTextView.m in Sources */ = {isa = PBXBuildFile; fileRef = 044EE18B201B133200ACFC0A /* UITextView+ZJTextView.m */; };
		044EE1C1201B133200ACFC0A /* UIViewController+ZJViewController.m in Sources */ = {isa = PBXBuildFile; fileRef = 044EE18D201B133200ACFC0A /* UIViewController+ZJViewController.m */; };
		044EE1C2201B133200ACFC0A /* ZJButton.m in Sources */ = {isa = PBXBuildFile; fileRef = 044EE18F201B133200ACFC0A /* ZJButton.m */; };
		044EE1C3201B133200ACFC0A /* ZJTimeCountDown.m in Sources */ = {isa = PBXBuildFile; fileRef = 044EE193201B133200ACFC0A /* ZJTimeCountDown.m */; };
		044EE1C5201B23CE00ACFC0A /* MasonryCellData.json in Resources */ = {isa = PBXBuildFile; fileRef = 044EE1C4201B23CE00ACFC0A /* MasonryCellData.json */; };
		0475BEE71FD12E8A00617353 /* AppDelegate.m in Sources */ = {isa = PBXBuildFile; fileRef = 0475BEE61FD12E8A00617353 /* AppDelegate.m */; };
		0475BEED1FD12E8A00617353 /* Main.storyboard in Resources */ = {isa = PBXBuildFile; fileRef = 0475BEEB1FD12E8A00617353 /* Main.storyboard */; };
		0475BEEF1FD12E8A00617353 /* Assets.xcassets in Resources */ = {isa = PBXBuildFile; fileRef = 0475BEEE1FD12E8A00617353 /* Assets.xcassets */; };
		0475BEF21FD12E8A00617353 /* LaunchScreen.storyboard in Resources */ = {isa = PBXBuildFile; fileRef = 0475BEF01FD12E8A00617353 /* LaunchScreen.storyboard */; };
		0475BEF51FD12E8A00617353 /* main.m in Sources */ = {isa = PBXBuildFile; fileRef = 0475BEF41FD12E8A00617353 /* main.m */; };
		0475BEFF1FD12E8A00617353 /* ZJUIKitTests.m in Sources */ = {isa = PBXBuildFile; fileRef = 0475BEFE1FD12E8A00617353 /* ZJUIKitTests.m */; };
		0475BF0A1FD12E8A00617353 /* ZJUIKitUITests.m in Sources */ = {isa = PBXBuildFile; fileRef = 0475BF091FD12E8A00617353 /* ZJUIKitUITests.m */; };
		048E8A28201728C600486470 /* ZJChooseOneRightCell.m in Sources */ = {isa = PBXBuildFile; fileRef = 048E8A19201728C600486470 /* ZJChooseOneRightCell.m */; };
		048E8A29201728C600486470 /* ZJChooseViewOneLeftCell.m in Sources */ = {isa = PBXBuildFile; fileRef = 048E8A1B201728C600486470 /* ZJChooseViewOneLeftCell.m */; };
		048E8A2A201728C600486470 /* ZJChooseControlView.m in Sources */ = {isa = PBXBuildFile; fileRef = 048E8A1D201728C600486470 /* ZJChooseControlView.m */; };
		048E8A2B201728C600486470 /* ZJChooseShowView.m in Sources */ = {isa = PBXBuildFile; fileRef = 048E8A1F201728C600486470 /* ZJChooseShowView.m */; };
		048E8A2C201728C600486470 /* ZJFourChildView.m in Sources */ = {isa = PBXBuildFile; fileRef = 048E8A21201728C600486470 /* ZJFourChildView.m */; };
		048E8A2D201728C600486470 /* ZJOneChildView.m in Sources */ = {isa = PBXBuildFile; fileRef = 048E8A23201728C600486470 /* ZJOneChildView.m */; };
		048E8A2E201728C600486470 /* ZJThreeChildView.m in Sources */ = {isa = PBXBuildFile; fileRef = 048E8A25201728C600486470 /* ZJThreeChildView.m */; };
		048E8A2F201728C600486470 /* ZJTwoChildView.m in Sources */ = {isa = PBXBuildFile; fileRef = 048E8A27201728C600486470 /* ZJTwoChildView.m */; };
		048E8A3320172E9300486470 /* ZJChooseModel.m in Sources */ = {isa = PBXBuildFile; fileRef = 048E8A3220172E9300486470 /* ZJChooseModel.m */; };
		04DA133E2016E02E00C619E5 /* ZJCommitViewController.m in Sources */ = {isa = PBXBuildFile; fileRef = 04DA133D2016E02E00C619E5 /* ZJCommitViewController.m */; };
		04DA13432016E07D00C619E5 /* ZJCommitFrame.m in Sources */ = {isa = PBXBuildFile; fileRef = 04DA13412016E07D00C619E5 /* ZJCommitFrame.m */; };
		04DA13472016E0C900C619E5 /* ZJCommitCell.m in Sources */ = {isa = PBXBuildFile; fileRef = 04DA13462016E0C900C619E5 /* ZJCommitCell.m */; };
		04DA134A2016E13500C619E5 /* ZJImgLeftBtn.m in Sources */ = {isa = PBXBuildFile; fileRef = 04DA13492016E13400C619E5 /* ZJImgLeftBtn.m */; };
		04DA134D2016E14400C619E5 /* ZJStarsView.m in Sources */ = {isa = PBXBuildFile; fileRef = 04DA134B2016E14300C619E5 /* ZJStarsView.m */; };
		04DA13502016E15B00C619E5 /* ZJCommitPhotoView.m in Sources */ = {isa = PBXBuildFile; fileRef = 04DA134F2016E15A00C619E5 /* ZJCommitPhotoView.m */; };
		04DA13582017036500C619E5 /* CommitsData.json in Resources */ = {isa = PBXBuildFile; fileRef = 04DA13572017036500C619E5 /* CommitsData.json */; };
		04DA136120170CE400C619E5 /* ZJCommit.m in Sources */ = {isa = PBXBuildFile; fileRef = 04DA136020170CE400C619E5 /* ZJCommit.m */; };
		2FC7844A5B01816D274CD513 /* libPods-ZJUIKitTests.a in Frameworks */ = {isa = PBXBuildFile; fileRef = 19C669F0165B11D48267E18B /* libPods-ZJUIKitTests.a */; };
		48D9CD8AAB600BE3862E37B5 /* libPods-ZJUIKitUITests.a in Frameworks */ = {isa = PBXBuildFile; fileRef = 75E48E274147C054F714A648 /* libPods-ZJUIKitUITests.a */; };
		CC64667703DAB9FA6E5B5CDF /* libPods-ZJUIKit.a in Frameworks */ = {isa = PBXBuildFile; fileRef = F5FF7541D9F6268AAE2A309E /* libPods-ZJUIKit.a */; };
/* End PBXBuildFile section */

/* Begin PBXContainerItemProxy section */
		0475BEFB1FD12E8A00617353 /* PBXContainerItemProxy */ = {
			isa = PBXContainerItemProxy;
			containerPortal = 0475BEDA1FD12E8A00617353 /* Project object */;
			proxyType = 1;
			remoteGlobalIDString = 0475BEE11FD12E8A00617353;
			remoteInfo = ZJUIKit;
		};
		0475BF061FD12E8A00617353 /* PBXContainerItemProxy */ = {
			isa = PBXContainerItemProxy;
			containerPortal = 0475BEDA1FD12E8A00617353 /* Project object */;
			proxyType = 1;
			remoteGlobalIDString = 0475BEE11FD12E8A00617353;
			remoteInfo = ZJUIKit;
		};
/* End PBXContainerItemProxy section */

/* Begin PBXFileReference section */
		0403A0022019A9B200D4DF1B /* ZJTimeCountDownViewController.h */ = {isa = PBXFileReference; lastKnownFileType = sourcecode.c.h; path = ZJTimeCountDownViewController.h; sourceTree = "<group>"; };
		0403A0032019A9B200D4DF1B /* ZJTimeCountDownViewController.m */ = {isa = PBXFileReference; lastKnownFileType = sourcecode.c.objc; path = ZJTimeCountDownViewController.m; sourceTree = "<group>"; };
		0403A0062019B1D600D4DF1B /* ZJTimeCountDownCell.h */ = {isa = PBXFileReference; lastKnownFileType = sourcecode.c.h; path = ZJTimeCountDownCell.h; sourceTree = "<group>"; };
		0403A0072019B1D600D4DF1B /* ZJTimeCountDownCell.m */ = {isa = PBXFileReference; lastKnownFileType = sourcecode.c.objc; path = ZJTimeCountDownCell.m; sourceTree = "<group>"; };
		042190BE20186182009056E2 /* ZJMainViewController.h */ = {isa = PBXFileReference; lastKnownFileType = sourcecode.c.h; path = ZJMainViewController.h; sourceTree = "<group>"; };
		042190BF20186182009056E2 /* ZJMainViewController.m */ = {isa = PBXFileReference; lastKnownFileType = sourcecode.c.objc; path = ZJMainViewController.m; sourceTree = "<group>"; };
		042190C120186A8A009056E2 /* ZJKitAndMasonryViewController.h */ = {isa = PBXFileReference; lastKnownFileType = sourcecode.c.h; path = ZJKitAndMasonryViewController.h; sourceTree = "<group>"; };
		042190C220186A8A009056E2 /* ZJKitAndMasonryViewController.m */ = {isa = PBXFileReference; lastKnownFileType = sourcecode.c.objc; path = ZJKitAndMasonryViewController.m; sourceTree = "<group>"; };
		04242DDE1FDA3AE2004682D3 /* ZJChooseViewController.h */ = {isa = PBXFileReference; lastKnownFileType = sourcecode.c.h; path = ZJChooseViewController.h; sourceTree = "<group>"; };
		04242DDF1FDA3AE2004682D3 /* ZJChooseViewController.m */ = {isa = PBXFileReference; lastKnownFileType = sourcecode.c.objc; path = ZJChooseViewController.m; sourceTree = "<group>"; };
		044EE080201ACB3200ACFC0A /* ZJMasonryAutolayoutCellViewController.h */ = {isa = PBXFileReference; lastKnownFileType = sourcecode.c.h; path = ZJMasonryAutolayoutCellViewController.h; sourceTree = "<group>"; };
		044EE081201ACB3200ACFC0A /* ZJMasonryAutolayoutCellViewController.m */ = {isa = PBXFileReference; lastKnownFileType = sourcecode.c.objc; path = ZJMasonryAutolayoutCellViewController.m; sourceTree = "<group>"; };
		044EE083201ACCD200ACFC0A /* ZJMasonryAutolayoutCell.h */ = {isa = PBXFileReference; lastKnownFileType = sourcecode.c.h; path = ZJMasonryAutolayoutCell.h; sourceTree = "<group>"; };
		044EE084201ACCD200ACFC0A /* ZJMasonryAutolayoutCell.m */ = {isa = PBXFileReference; lastKnownFileType = sourcecode.c.objc; path = ZJMasonryAutolayoutCell.m; sourceTree = "<group>"; };
		044EE12C201B133200ACFC0A /* ZJKitBaseController.h */ = {isa = PBXFileReference; fileEncoding = 4; lastKnownFileType = sourcecode.c.h; path = ZJKitBaseController.h; sourceTree = "<group>"; };
		044EE12D201B133200ACFC0A /* ZJKitBaseController.m */ = {isa = PBXFileReference; fileEncoding = 4; lastKnownFileType = sourcecode.c.objc; path = ZJKitBaseController.m; sourceTree = "<group>"; };
		044EE12E201B133200ACFC0A /* ZJKitNaigationController.h */ = {isa = PBXFileReference; fileEncoding = 4; lastKnownFileType = sourcecode.c.h; path = ZJKitNaigationController.h; sourceTree = "<group>"; };
		044EE12F201B133200ACFC0A /* ZJKitNaigationController.m */ = {isa = PBXFileReference; fileEncoding = 4; lastKnownFileType = sourcecode.c.objc; path = ZJKitNaigationController.m; sourceTree = "<group>"; };
		044EE131201B133200ACFC0A /* NSArray+ZJHelperKit.h */ = {isa = PBXFileReference; fileEncoding = 4; lastKnownFileType = sourcecode.c.h; path = "NSArray+ZJHelperKit.h"; sourceTree = "<group>"; };
		044EE132201B133200ACFC0A /* NSArray+ZJHelperKit.m */ = {isa = PBXFileReference; fileEncoding = 4; lastKnownFileType = sourcecode.c.objc; path = "NSArray+ZJHelperKit.m"; sourceTree = "<group>"; };
		044EE133201B133200ACFC0A /* NSDate+ZJHelperKit.h */ = {isa = PBXFileReference; fileEncoding = 4; lastKnownFileType = sourcecode.c.h; path = "NSDate+ZJHelperKit.h"; sourceTree = "<group>"; };
		044EE134201B133200ACFC0A /* NSDate+ZJHelperKit.m */ = {isa = PBXFileReference; fileEncoding = 4; lastKnownFileType = sourcecode.c.objc; path = "NSDate+ZJHelperKit.m"; sourceTree = "<group>"; };
		044EE135201B133200ACFC0A /* NSDictionary+ZJHelperKit.h */ = {isa = PBXFileReference; fileEncoding = 4; lastKnownFileType = sourcecode.c.h; path = "NSDictionary+ZJHelperKit.h"; sourceTree = "<group>"; };
		044EE136201B133200ACFC0A /* NSDictionary+ZJHelperKit.m */ = {isa = PBXFileReference; fileEncoding = 4; lastKnownFileType = sourcecode.c.objc; path = "NSDictionary+ZJHelperKit.m"; sourceTree = "<group>"; };
		044EE137201B133200ACFC0A /* NSFileManager+ZJHelperKit.h */ = {isa = PBXFileReference; fileEncoding = 4; lastKnownFileType = sourcecode.c.h; path = "NSFileManager+ZJHelperKit.h"; sourceTree = "<group>"; };
		044EE138201B133200ACFC0A /* NSFileManager+ZJHelperKit.m */ = {isa = PBXFileReference; fileEncoding = 4; lastKnownFileType = sourcecode.c.objc; path = "NSFileManager+ZJHelperKit.m"; sourceTree = "<group>"; };
		044EE139201B133200ACFC0A /* NSMutableArray+ZJHelperKit.h */ = {isa = PBXFileReference; fileEncoding = 4; lastKnownFileType = sourcecode.c.h; path = "NSMutableArray+ZJHelperKit.h"; sourceTree = "<group>"; };
		044EE13A201B133200ACFC0A /* NSMutableArray+ZJHelperKit.m */ = {isa = PBXFileReference; fileEncoding = 4; lastKnownFileType = sourcecode.c.objc; path = "NSMutableArray+ZJHelperKit.m"; sourceTree = "<group>"; };
		044EE13B201B133200ACFC0A /* NSMutableDictionary+ZJHelperKit.h */ = {isa = PBXFileReference; fileEncoding = 4; lastKnownFileType = sourcecode.c.h; path = "NSMutableDictionary+ZJHelperKit.h"; sourceTree = "<group>"; };
		044EE13C201B133200ACFC0A /* NSMutableDictionary+ZJHelperKit.m */ = {isa = PBXFileReference; fileEncoding = 4; lastKnownFileType = sourcecode.c.objc; path = "NSMutableDictionary+ZJHelperKit.m"; sourceTree = "<group>"; };
		044EE13D201B133200ACFC0A /* NSNumber+ZJHelperKit.h */ = {isa = PBXFileReference; fileEncoding = 4; lastKnownFileType = sourcecode.c.h; path = "NSNumber+ZJHelperKit.h"; sourceTree = "<group>"; };
		044EE13E201B133200ACFC0A /* NSNumber+ZJHelperKit.m */ = {isa = PBXFileReference; fileEncoding = 4; lastKnownFileType = sourcecode.c.objc; path = "NSNumber+ZJHelperKit.m"; sourceTree = "<group>"; };
		044EE13F201B133200ACFC0A /* NSObject+ZJHelperKit.h */ = {isa = PBXFileReference; fileEncoding = 4; lastKnownFileType = sourcecode.c.h; path = "NSObject+ZJHelperKit.h"; sourceTree = "<group>"; };
		044EE140201B133200ACFC0A /* NSObject+ZJHelperKit.m */ = {isa = PBXFileReference; fileEncoding = 4; lastKnownFileType = sourcecode.c.objc; path = "NSObject+ZJHelperKit.m"; sourceTree = "<group>"; };
		044EE141201B133200ACFC0A /* NSString+ZJHelperKit.h */ = {isa = PBXFileReference; fileEncoding = 4; lastKnownFileType = sourcecode.c.h; path = "NSString+ZJHelperKit.h"; sourceTree = "<group>"; };
		044EE142201B133200ACFC0A /* NSString+ZJHelperKit.m */ = {isa = PBXFileReference; fileEncoding = 4; lastKnownFileType = sourcecode.c.objc; path = "NSString+ZJHelperKit.m"; sourceTree = "<group>"; };
		044EE143201B133200ACFC0A /* NSTimer+ZJHelperKit.h */ = {isa = PBXFileReference; fileEncoding = 4; lastKnownFileType = sourcecode.c.h; path = "NSTimer+ZJHelperKit.h"; sourceTree = "<group>"; };
		044EE144201B133200ACFC0A /* NSTimer+ZJHelperKit.m */ = {isa = PBXFileReference; fileEncoding = 4; lastKnownFileType = sourcecode.c.objc; path = "NSTimer+ZJHelperKit.m"; sourceTree = "<group>"; };
		044EE145201B133200ACFC0A /* NSUserDefaults+ZJHelperKit.h */ = {isa = PBXFileReference; fileEncoding = 4; lastKnownFileType = sourcecode.c.h; path = "NSUserDefaults+ZJHelperKit.h"; sourceTree = "<group>"; };
		044EE146201B133200ACFC0A /* NSUserDefaults+ZJHelperKit.m */ = {isa = PBXFileReference; fileEncoding = 4; lastKnownFileType = sourcecode.c.objc; path = "NSUserDefaults+ZJHelperKit.m"; sourceTree = "<group>"; };
		044EE147201B133200ACFC0A /* UIActionSheet+ZJHelperKit.h */ = {isa = PBXFileReference; fileEncoding = 4; lastKnownFileType = sourcecode.c.h; path = "UIActionSheet+ZJHelperKit.h"; sourceTree = "<group>"; };
		044EE148201B133200ACFC0A /* UIActionSheet+ZJHelperKit.m */ = {isa = PBXFileReference; fileEncoding = 4; lastKnownFileType = sourcecode.c.objc; path = "UIActionSheet+ZJHelperKit.m"; sourceTree = "<group>"; };
		044EE149201B133200ACFC0A /* UIAlertView+ZJHelperKitUIKit.h */ = {isa = PBXFileReference; fileEncoding = 4; lastKnownFileType = sourcecode.c.h; path = "UIAlertView+ZJHelperKitUIKit.h"; sourceTree = "<group>"; };
		044EE14A201B133200ACFC0A /* UIAlertView+ZJHelperKitUIKit.m */ = {isa = PBXFileReference; fileEncoding = 4; lastKnownFileType = sourcecode.c.objc; path = "UIAlertView+ZJHelperKitUIKit.m"; sourceTree = "<group>"; };
		044EE14B201B133200ACFC0A /* UIColor+ZJHelperKitUIkit.h */ = {isa = PBXFileReference; fileEncoding = 4; lastKnownFileType = sourcecode.c.h; path = "UIColor+ZJHelperKitUIkit.h"; sourceTree = "<group>"; };
		044EE14C201B133200ACFC0A /* UIColor+ZJHelperKitUIkit.m */ = {isa = PBXFileReference; fileEncoding = 4; lastKnownFileType = sourcecode.c.objc; path = "UIColor+ZJHelperKitUIkit.m"; sourceTree = "<group>"; };
		044EE14D201B133200ACFC0A /* UIControl+ZJHelperBlockKit.h */ = {isa = PBXFileReference; fileEncoding = 4; lastKnownFileType = sourcecode.c.h; path = "UIControl+ZJHelperBlockKit.h"; sourceTree = "<group>"; };
		044EE14E201B133200ACFC0A /* UIControl+ZJHelperBlockKit.m */ = {isa = PBXFileReference; fileEncoding = 4; lastKnownFileType = sourcecode.c.objc; path = "UIControl+ZJHelperBlockKit.m"; sourceTree = "<group>"; };
		044EE14F201B133200ACFC0A /* UIDevice+ZJHelperKitUIKit.h */ = {isa = PBXFileReference; fileEncoding = 4; lastKnownFileType = sourcecode.c.h; path = "UIDevice+ZJHelperKitUIKit.h"; sourceTree = "<group>"; };
		044EE150201B133200ACFC0A /* UIDevice+ZJHelperKitUIKit.m */ = {isa = PBXFileReference; fileEncoding = 4; lastKnownFileType = sourcecode.c.objc; path = "UIDevice+ZJHelperKitUIKit.m"; sourceTree = "<group>"; };
		044EE151201B133200ACFC0A /* UIGestureRecognizer+ZJHelperBlockKit.h */ = {isa = PBXFileReference; fileEncoding = 4; lastKnownFileType = sourcecode.c.h; path = "UIGestureRecognizer+ZJHelperBlockKit.h"; sourceTree = "<group>"; };
		044EE152201B133200ACFC0A /* UIGestureRecognizer+ZJHelperBlockKit.m */ = {isa = PBXFileReference; fileEncoding = 4; lastKnownFileType = sourcecode.c.objc; path = "UIGestureRecognizer+ZJHelperBlockKit.m"; sourceTree = "<group>"; };
		044EE153201B133200ACFC0A /* UIImageView+ZJCornerRadiusHelperKit.h */ = {isa = PBXFileReference; fileEncoding = 4; lastKnownFileType = sourcecode.c.h; path = "UIImageView+ZJCornerRadiusHelperKit.h"; sourceTree = "<group>"; };
		044EE154201B133200ACFC0A /* UIImageView+ZJCornerRadiusHelperKit.m */ = {isa = PBXFileReference; fileEncoding = 4; lastKnownFileType = sourcecode.c.objc; path = "UIImageView+ZJCornerRadiusHelperKit.m"; sourceTree = "<group>"; };
		044EE155201B133200ACFC0A /* UITextView+ZJHelperKit.h */ = {isa = PBXFileReference; fileEncoding = 4; lastKnownFileType = sourcecode.c.h; path = "UITextView+ZJHelperKit.h"; sourceTree = "<group>"; };
		044EE156201B133200ACFC0A /* UITextView+ZJHelperKit.m */ = {isa = PBXFileReference; fileEncoding = 4; lastKnownFileType = sourcecode.c.objc; path = "UITextView+ZJHelperKit.m"; sourceTree = "<group>"; };
		044EE157201B133200ACFC0A /* UIView+ZJHelperKitUIkit.h */ = {isa = PBXFileReference; fileEncoding = 4; lastKnownFileType = sourcecode.c.h; path = "UIView+ZJHelperKitUIkit.h"; sourceTree = "<group>"; };
		044EE158201B133200ACFC0A /* UIView+ZJHelperKitUIkit.m */ = {isa = PBXFileReference; fileEncoding = 4; lastKnownFileType = sourcecode.c.objc; path = "UIView+ZJHelperKitUIkit.m"; sourceTree = "<group>"; };
		044EE159201B133200ACFC0A /* UIView+ZJHUDHelperKit.h */ = {isa = PBXFileReference; fileEncoding = 4; lastKnownFileType = sourcecode.c.h; path = "UIView+ZJHUDHelperKit.h"; sourceTree = "<group>"; };
		044EE15A201B133200ACFC0A /* UIView+ZJHUDHelperKit.m */ = {isa = PBXFileReference; fileEncoding = 4; lastKnownFileType = sourcecode.c.objc; path = "UIView+ZJHUDHelperKit.m"; sourceTree = "<group>"; };
		044EE15B201B133200ACFC0A /* ZJCommonKit.h */ = {isa = PBXFileReference; fileEncoding = 4; lastKnownFileType = sourcecode.c.h; path = ZJCommonKit.h; sourceTree = "<group>"; };
		044EE15C201B133200ACFC0A /* ZJCommonKit.m */ = {isa = PBXFileReference; fileEncoding = 4; lastKnownFileType = sourcecode.c.objc; path = ZJCommonKit.m; sourceTree = "<group>"; };
		044EE15E201B133200ACFC0A /* UIButton+ZJMasonryKit.h */ = {isa = PBXFileReference; fileEncoding = 4; lastKnownFileType = sourcecode.c.h; path = "UIButton+ZJMasonryKit.h"; sourceTree = "<group>"; };
		044EE15F201B133200ACFC0A /* UIButton+ZJMasonryKit.m */ = {isa = PBXFileReference; fileEncoding = 4; lastKnownFileType = sourcecode.c.objc; path = "UIButton+ZJMasonryKit.m"; sourceTree = "<group>"; };
		044EE160201B133200ACFC0A /* UICollectionView+ZJMasonryKit.h */ = {isa = PBXFileReference; fileEncoding = 4; lastKnownFileType = sourcecode.c.h; path = "UICollectionView+ZJMasonryKit.h"; sourceTree = "<group>"; };
		044EE161201B133200ACFC0A /* UICollectionView+ZJMasonryKit.m */ = {isa = PBXFileReference; fileEncoding = 4; lastKnownFileType = sourcecode.c.objc; path = "UICollectionView+ZJMasonryKit.m"; sourceTree = "<group>"; };
		044EE162201B133200ACFC0A /* UIImageView+ZJMasonryKit.h */ = {isa = PBXFileReference; fileEncoding = 4; lastKnownFileType = sourcecode.c.h; path = "UIImageView+ZJMasonryKit.h"; sourceTree = "<group>"; };
		044EE163201B133200ACFC0A /* UIImageView+ZJMasonryKit.m */ = {isa = PBXFileReference; fileEncoding = 4; lastKnownFileType = sourcecode.c.objc; path = "UIImageView+ZJMasonryKit.m"; sourceTree = "<group>"; };
		044EE164201B133200ACFC0A /* UILabel+ZJMasonryKit.h */ = {isa = PBXFileReference; fileEncoding = 4; lastKnownFileType = sourcecode.c.h; path = "UILabel+ZJMasonryKit.h"; sourceTree = "<group>"; };
		044EE165201B133200ACFC0A /* UILabel+ZJMasonryKit.m */ = {isa = PBXFileReference; fileEncoding = 4; lastKnownFileType = sourcecode.c.objc; path = "UILabel+ZJMasonryKit.m"; sourceTree = "<group>"; };
		044EE166201B133200ACFC0A /* UITableView+ZJMarsonryKit.h */ = {isa = PBXFileReference; fileEncoding = 4; lastKnownFileType = sourcecode.c.h; path = "UITableView+ZJMarsonryKit.h"; sourceTree = "<group>"; };
		044EE167201B133200ACFC0A /* UITableView+ZJMarsonryKit.m */ = {isa = PBXFileReference; fileEncoding = 4; lastKnownFileType = sourcecode.c.objc; path = "UITableView+ZJMarsonryKit.m"; sourceTree = "<group>"; };
		044EE168201B133200ACFC0A /* UITextField+ZJMasonryKit.h */ = {isa = PBXFileReference; fileEncoding = 4; lastKnownFileType = sourcecode.c.h; path = "UITextField+ZJMasonryKit.h"; sourceTree = "<group>"; };
		044EE169201B133200ACFC0A /* UITextField+ZJMasonryKit.m */ = {isa = PBXFileReference; fileEncoding = 4; lastKnownFileType = sourcecode.c.objc; path = "UITextField+ZJMasonryKit.m"; sourceTree = "<group>"; };
		044EE16A201B133200ACFC0A /* UITextView+ZJMasonryKit.h */ = {isa = PBXFileReference; fileEncoding = 4; lastKnownFileType = sourcecode.c.h; path = "UITextView+ZJMasonryKit.h"; sourceTree = "<group>"; };
		044EE16B201B133200ACFC0A /* UITextView+ZJMasonryKit.m */ = {isa = PBXFileReference; fileEncoding = 4; lastKnownFileType = sourcecode.c.objc; path = "UITextView+ZJMasonryKit.m"; sourceTree = "<group>"; };
		044EE16C201B133200ACFC0A /* UIView+ZJMasonryKit.h */ = {isa = PBXFileReference; fileEncoding = 4; lastKnownFileType = sourcecode.c.h; path = "UIView+ZJMasonryKit.h"; sourceTree = "<group>"; };
		044EE16D201B133200ACFC0A /* UIView+ZJMasonryKit.m */ = {isa = PBXFileReference; fileEncoding = 4; lastKnownFileType = sourcecode.c.objc; path = "UIView+ZJMasonryKit.m"; sourceTree = "<group>"; };
		044EE16E201B133200ACFC0A /* UIWebView+ZJMasonryKit.h */ = {isa = PBXFileReference; fileEncoding = 4; lastKnownFileType = sourcecode.c.h; path = "UIWebView+ZJMasonryKit.h"; sourceTree = "<group>"; };
		044EE16F201B133200ACFC0A /* UIWebView+ZJMasonryKit.m */ = {isa = PBXFileReference; fileEncoding = 4; lastKnownFileType = sourcecode.c.objc; path = "UIWebView+ZJMasonryKit.m"; sourceTree = "<group>"; };
		044EE170201B133200ACFC0A /* ZJUIMasonsyKit.h */ = {isa = PBXFileReference; fileEncoding = 4; lastKnownFileType = sourcecode.c.h; path = ZJUIMasonsyKit.h; sourceTree = "<group>"; };
		044EE172201B133200ACFC0A /* ZJBaseTableViewCell.h */ = {isa = PBXFileReference; fileEncoding = 4; lastKnownFileType = sourcecode.c.h; path = ZJBaseTableViewCell.h; sourceTree = "<group>"; };
		044EE173201B133200ACFC0A /* ZJBaseTableViewCell.m */ = {isa = PBXFileReference; fileEncoding = 4; lastKnownFileType = sourcecode.c.objc; path = ZJBaseTableViewCell.m; sourceTree = "<group>"; };
		044EE174201B133200ACFC0A /* ZJHelperKit.h */ = {isa = PBXFileReference; fileEncoding = 4; lastKnownFileType = sourcecode.c.h; path = ZJHelperKit.h; sourceTree = "<group>"; };
		044EE176201B133200ACFC0A /* NSString+ZJString.h */ = {isa = PBXFileReference; fileEncoding = 4; lastKnownFileType = sourcecode.c.h; path = "NSString+ZJString.h"; sourceTree = "<group>"; };
		044EE177201B133200ACFC0A /* NSString+ZJString.m */ = {isa = PBXFileReference; fileEncoding = 4; lastKnownFileType = sourcecode.c.objc; path = "NSString+ZJString.m"; sourceTree = "<group>"; };
		044EE178201B133200ACFC0A /* UIAlertController+ZJAlert.h */ = {isa = PBXFileReference; fileEncoding = 4; lastKnownFileType = sourcecode.c.h; path = "UIAlertController+ZJAlert.h"; sourceTree = "<group>"; };
		044EE179201B133200ACFC0A /* UIAlertController+ZJAlert.m */ = {isa = PBXFileReference; fileEncoding = 4; lastKnownFileType = sourcecode.c.objc; path = "UIAlertController+ZJAlert.m"; sourceTree = "<group>"; };
		044EE17A201B133200ACFC0A /* UIButton+ZJButton.h */ = {isa = PBXFileReference; fileEncoding = 4; lastKnownFileType = sourcecode.c.h; path = "UIButton+ZJButton.h"; sourceTree = "<group>"; };
		044EE17B201B133200ACFC0A /* UIButton+ZJButton.m */ = {isa = PBXFileReference; fileEncoding = 4; lastKnownFileType = sourcecode.c.objc; path = "UIButton+ZJButton.m"; sourceTree = "<group>"; };
		044EE17C201B133200ACFC0A /* UIColor+ZJColor.h */ = {isa = PBXFileReference; fileEncoding = 4; lastKnownFileType = sourcecode.c.h; path = "UIColor+ZJColor.h"; sourceTree = "<group>"; };
		044EE17D201B133200ACFC0A /* UIColor+ZJColor.m */ = {isa = PBXFileReference; fileEncoding = 4; lastKnownFileType = sourcecode.c.objc; path = "UIColor+ZJColor.m"; sourceTree = "<group>"; };
		044EE17E201B133200ACFC0A /* UIDevice+ZJDivice.h */ = {isa = PBXFileReference; fileEncoding = 4; lastKnownFileType = sourcecode.c.h; path = "UIDevice+ZJDivice.h"; sourceTree = "<group>"; };
		044EE17F201B133200ACFC0A /* UIDevice+ZJDivice.m */ = {isa = PBXFileReference; fileEncoding = 4; lastKnownFileType = sourcecode.c.objc; path = "UIDevice+ZJDivice.m"; sourceTree = "<group>"; };
		044EE180201B133200ACFC0A /* UIImage+ZJImage.h */ = {isa = PBXFileReference; fileEncoding = 4; lastKnownFileType = sourcecode.c.h; path = "UIImage+ZJImage.h"; sourceTree = "<group>"; };
		044EE181201B133200ACFC0A /* UIImage+ZJImage.m */ = {isa = PBXFileReference; fileEncoding = 4; lastKnownFileType = sourcecode.c.objc; path = "UIImage+ZJImage.m"; sourceTree = "<group>"; };
		044EE182201B133200ACFC0A /* UIImageView+ZJImageView.h */ = {isa = PBXFileReference; fileEncoding = 4; lastKnownFileType = sourcecode.c.h; path = "UIImageView+ZJImageView.h"; sourceTree = "<group>"; };
		044EE183201B133200ACFC0A /* UIImageView+ZJImageView.m */ = {isa = PBXFileReference; fileEncoding = 4; lastKnownFileType = sourcecode.c.objc; path = "UIImageView+ZJImageView.m"; sourceTree = "<group>"; };
		044EE184201B133200ACFC0A /* UILabel+ZJLabel.h */ = {isa = PBXFileReference; fileEncoding = 4; lastKnownFileType = sourcecode.c.h; path = "UILabel+ZJLabel.h"; sourceTree = "<group>"; };
		044EE185201B133200ACFC0A /* UILabel+ZJLabel.m */ = {isa = PBXFileReference; fileEncoding = 4; lastKnownFileType = sourcecode.c.objc; path = "UILabel+ZJLabel.m"; sourceTree = "<group>"; };
		044EE186201B133200ACFC0A /* UIScrollView+ZJScrollView.h */ = {isa = PBXFileReference; fileEncoding = 4; lastKnownFileType = sourcecode.c.h; path = "UIScrollView+ZJScrollView.h"; sourceTree = "<group>"; };
		044EE187201B133200ACFC0A /* UIScrollView+ZJScrollView.m */ = {isa = PBXFileReference; fileEncoding = 4; lastKnownFileType = sourcecode.c.objc; path = "UIScrollView+ZJScrollView.m"; sourceTree = "<group>"; };
		044EE188201B133200ACFC0A /* UITextField+ZJTextField.h */ = {isa = PBXFileReference; fileEncoding = 4; lastKnownFileType = sourcecode.c.h; path = "UITextField+ZJTextField.h"; sourceTree = "<group>"; };
		044EE189201B133200ACFC0A /* UITextField+ZJTextField.m */ = {isa = PBXFileReference; fileEncoding = 4; lastKnownFileType = sourcecode.c.objc; path = "UITextField+ZJTextField.m"; sourceTree = "<group>"; };
		044EE18A201B133200ACFC0A /* UITextView+ZJTextView.h */ = {isa = PBXFileReference; fileEncoding = 4; lastKnownFileType = sourcecode.c.h; path = "UITextView+ZJTextView.h"; sourceTree = "<group>"; };
		044EE18B201B133200ACFC0A /* UITextView+ZJTextView.m */ = {isa = PBXFileReference; fileEncoding = 4; lastKnownFileType = sourcecode.c.objc; path = "UITextView+ZJTextView.m"; sourceTree = "<group>"; };
		044EE18C201B133200ACFC0A /* UIViewController+ZJViewController.h */ = {isa = PBXFileReference; fileEncoding = 4; lastKnownFileType = sourcecode.c.h; path = "UIViewController+ZJViewController.h"; sourceTree = "<group>"; };
		044EE18D201B133200ACFC0A /* UIViewController+ZJViewController.m */ = {isa = PBXFileReference; fileEncoding = 4; lastKnownFileType = sourcecode.c.objc; path = "UIViewController+ZJViewController.m"; sourceTree = "<group>"; };
		044EE18E201B133200ACFC0A /* ZJButton.h */ = {isa = PBXFileReference; fileEncoding = 4; lastKnownFileType = sourcecode.c.h; path = ZJButton.h; sourceTree = "<group>"; };
		044EE18F201B133200ACFC0A /* ZJButton.m */ = {isa = PBXFileReference; fileEncoding = 4; lastKnownFileType = sourcecode.c.objc; path = ZJButton.m; sourceTree = "<group>"; };
		044EE190201B133200ACFC0A /* ZJKitHelper.h */ = {isa = PBXFileReference; fileEncoding = 4; lastKnownFileType = sourcecode.c.h; path = ZJKitHelper.h; sourceTree = "<group>"; };
		044EE192201B133200ACFC0A /* ZJTimeCountDown.h */ = {isa = PBXFileReference; fileEncoding = 4; lastKnownFileType = sourcecode.c.h; path = ZJTimeCountDown.h; sourceTree = "<group>"; };
		044EE193201B133200ACFC0A /* ZJTimeCountDown.m */ = {isa = PBXFileReference; fileEncoding = 4; lastKnownFileType = sourcecode.c.objc; path = ZJTimeCountDown.m; sourceTree = "<group>"; };
		044EE1C4201B23CE00ACFC0A /* MasonryCellData.json */ = {isa = PBXFileReference; fileEncoding = 4; lastKnownFileType = text.json; name = MasonryCellData.json; path = ZJUIKit/View/Commit/MasonryCellData.json; sourceTree = SOURCE_ROOT; };
		0475BEE21FD12E8A00617353 /* ZJUIKit.app */ = {isa = PBXFileReference; explicitFileType = wrapper.application; includeInIndex = 0; path = ZJUIKit.app; sourceTree = BUILT_PRODUCTS_DIR; };
		0475BEE51FD12E8A00617353 /* AppDelegate.h */ = {isa = PBXFileReference; lastKnownFileType = sourcecode.c.h; path = AppDelegate.h; sourceTree = "<group>"; };
		0475BEE61FD12E8A00617353 /* AppDelegate.m */ = {isa = PBXFileReference; lastKnownFileType = sourcecode.c.objc; path = AppDelegate.m; sourceTree = "<group>"; };
		0475BEEC1FD12E8A00617353 /* Base */ = {isa = PBXFileReference; lastKnownFileType = file.storyboard; name = Base; path = Base.lproj/Main.storyboard; sourceTree = "<group>"; };
		0475BEEE1FD12E8A00617353 /* Assets.xcassets */ = {isa = PBXFileReference; lastKnownFileType = folder.assetcatalog; path = Assets.xcassets; sourceTree = "<group>"; };
		0475BEF11FD12E8A00617353 /* Base */ = {isa = PBXFileReference; lastKnownFileType = file.storyboard; name = Base; path = Base.lproj/LaunchScreen.storyboard; sourceTree = "<group>"; };
		0475BEF31FD12E8A00617353 /* Info.plist */ = {isa = PBXFileReference; lastKnownFileType = text.plist.xml; path = Info.plist; sourceTree = "<group>"; };
		0475BEF41FD12E8A00617353 /* main.m */ = {isa = PBXFileReference; lastKnownFileType = sourcecode.c.objc; path = main.m; sourceTree = "<group>"; };
		0475BEFA1FD12E8A00617353 /* ZJUIKitTests.xctest */ = {isa = PBXFileReference; explicitFileType = wrapper.cfbundle; includeInIndex = 0; path = ZJUIKitTests.xctest; sourceTree = BUILT_PRODUCTS_DIR; };
		0475BEFE1FD12E8A00617353 /* ZJUIKitTests.m */ = {isa = PBXFileReference; lastKnownFileType = sourcecode.c.objc; path = ZJUIKitTests.m; sourceTree = "<group>"; };
		0475BF001FD12E8A00617353 /* Info.plist */ = {isa = PBXFileReference; lastKnownFileType = text.plist.xml; path = Info.plist; sourceTree = "<group>"; };
		0475BF051FD12E8A00617353 /* ZJUIKitUITests.xctest */ = {isa = PBXFileReference; explicitFileType = wrapper.cfbundle; includeInIndex = 0; path = ZJUIKitUITests.xctest; sourceTree = BUILT_PRODUCTS_DIR; };
		0475BF091FD12E8A00617353 /* ZJUIKitUITests.m */ = {isa = PBXFileReference; lastKnownFileType = sourcecode.c.objc; path = ZJUIKitUITests.m; sourceTree = "<group>"; };
		0475BF0B1FD12E8A00617353 /* Info.plist */ = {isa = PBXFileReference; lastKnownFileType = text.plist.xml; path = Info.plist; sourceTree = "<group>"; };
		048E8A18201728C600486470 /* ZJChooseOneRightCell.h */ = {isa = PBXFileReference; fileEncoding = 4; lastKnownFileType = sourcecode.c.h; path = ZJChooseOneRightCell.h; sourceTree = "<group>"; };
		048E8A19201728C600486470 /* ZJChooseOneRightCell.m */ = {isa = PBXFileReference; fileEncoding = 4; lastKnownFileType = sourcecode.c.objc; path = ZJChooseOneRightCell.m; sourceTree = "<group>"; };
		048E8A1A201728C600486470 /* ZJChooseViewOneLeftCell.h */ = {isa = PBXFileReference; fileEncoding = 4; lastKnownFileType = sourcecode.c.h; path = ZJChooseViewOneLeftCell.h; sourceTree = "<group>"; };
		048E8A1B201728C600486470 /* ZJChooseViewOneLeftCell.m */ = {isa = PBXFileReference; fileEncoding = 4; lastKnownFileType = sourcecode.c.objc; path = ZJChooseViewOneLeftCell.m; sourceTree = "<group>"; };
		048E8A1C201728C600486470 /* ZJChooseControlView.h */ = {isa = PBXFileReference; fileEncoding = 4; lastKnownFileType = sourcecode.c.h; path = ZJChooseControlView.h; sourceTree = "<group>"; };
		048E8A1D201728C600486470 /* ZJChooseControlView.m */ = {isa = PBXFileReference; fileEncoding = 4; lastKnownFileType = sourcecode.c.objc; path = ZJChooseControlView.m; sourceTree = "<group>"; };
		048E8A1E201728C600486470 /* ZJChooseShowView.h */ = {isa = PBXFileReference; fileEncoding = 4; lastKnownFileType = sourcecode.c.h; path = ZJChooseShowView.h; sourceTree = "<group>"; };
		048E8A1F201728C600486470 /* ZJChooseShowView.m */ = {isa = PBXFileReference; fileEncoding = 4; lastKnownFileType = sourcecode.c.objc; path = ZJChooseShowView.m; sourceTree = "<group>"; };
		048E8A20201728C600486470 /* ZJFourChildView.h */ = {isa = PBXFileReference; fileEncoding = 4; lastKnownFileType = sourcecode.c.h; path = ZJFourChildView.h; sourceTree = "<group>"; };
		048E8A21201728C600486470 /* ZJFourChildView.m */ = {isa = PBXFileReference; fileEncoding = 4; lastKnownFileType = sourcecode.c.objc; path = ZJFourChildView.m; sourceTree = "<group>"; };
		048E8A22201728C600486470 /* ZJOneChildView.h */ = {isa = PBXFileReference; fileEncoding = 4; lastKnownFileType = sourcecode.c.h; path = ZJOneChildView.h; sourceTree = "<group>"; };
		048E8A23201728C600486470 /* ZJOneChildView.m */ = {isa = PBXFileReference; fileEncoding = 4; lastKnownFileType = sourcecode.c.objc; path = ZJOneChildView.m; sourceTree = "<group>"; };
		048E8A24201728C600486470 /* ZJThreeChildView.h */ = {isa = PBXFileReference; fileEncoding = 4; lastKnownFileType = sourcecode.c.h; path = ZJThreeChildView.h; sourceTree = "<group>"; };
		048E8A25201728C600486470 /* ZJThreeChildView.m */ = {isa = PBXFileReference; fileEncoding = 4; lastKnownFileType = sourcecode.c.objc; path = ZJThreeChildView.m; sourceTree = "<group>"; };
		048E8A26201728C600486470 /* ZJTwoChildView.h */ = {isa = PBXFileReference; fileEncoding = 4; lastKnownFileType = sourcecode.c.h; path = ZJTwoChildView.h; sourceTree = "<group>"; };
		048E8A27201728C600486470 /* ZJTwoChildView.m */ = {isa = PBXFileReference; fileEncoding = 4; lastKnownFileType = sourcecode.c.objc; path = ZJTwoChildView.m; sourceTree = "<group>"; };
		048E8A3120172E9300486470 /* ZJChooseModel.h */ = {isa = PBXFileReference; lastKnownFileType = sourcecode.c.h; path = ZJChooseModel.h; sourceTree = "<group>"; };
		048E8A3220172E9300486470 /* ZJChooseModel.m */ = {isa = PBXFileReference; lastKnownFileType = sourcecode.c.objc; path = ZJChooseModel.m; sourceTree = "<group>"; };
		04C748081FD6476C00A749E3 /* Header.h */ = {isa = PBXFileReference; lastKnownFileType = sourcecode.c.h; path = Header.h; sourceTree = "<group>"; };
		04DA133C2016E02E00C619E5 /* ZJCommitViewController.h */ = {isa = PBXFileReference; lastKnownFileType = sourcecode.c.h; path = ZJCommitViewController.h; sourceTree = "<group>"; };
		04DA133D2016E02E00C619E5 /* ZJCommitViewController.m */ = {isa = PBXFileReference; lastKnownFileType = sourcecode.c.objc; path = ZJCommitViewController.m; sourceTree = "<group>"; };
		04DA13402016E07D00C619E5 /* ZJCommitFrame.h */ = {isa = PBXFileReference; fileEncoding = 4; lastKnownFileType = sourcecode.c.h; path = ZJCommitFrame.h; sourceTree = "<group>"; };
		04DA13412016E07D00C619E5 /* ZJCommitFrame.m */ = {isa = PBXFileReference; fileEncoding = 4; lastKnownFileType = sourcecode.c.objc; path = ZJCommitFrame.m; sourceTree = "<group>"; };
		04DA13452016E0C900C619E5 /* ZJCommitCell.h */ = {isa = PBXFileReference; lastKnownFileType = sourcecode.c.h; path = ZJCommitCell.h; sourceTree = "<group>"; };
		04DA13462016E0C900C619E5 /* ZJCommitCell.m */ = {isa = PBXFileReference; lastKnownFileType = sourcecode.c.objc; path = ZJCommitCell.m; sourceTree = "<group>"; };
		04DA13482016E13400C619E5 /* ZJImgLeftBtn.h */ = {isa = PBXFileReference; fileEncoding = 4; lastKnownFileType = sourcecode.c.h; path = ZJImgLeftBtn.h; sourceTree = "<group>"; };
		04DA13492016E13400C619E5 /* ZJImgLeftBtn.m */ = {isa = PBXFileReference; fileEncoding = 4; lastKnownFileType = sourcecode.c.objc; path = ZJImgLeftBtn.m; sourceTree = "<group>"; };
		04DA134B2016E14300C619E5 /* ZJStarsView.m */ = {isa = PBXFileReference; fileEncoding = 4; lastKnownFileType = sourcecode.c.objc; path = ZJStarsView.m; sourceTree = "<group>"; };
		04DA134C2016E14400C619E5 /* ZJStarsView.h */ = {isa = PBXFileReference; fileEncoding = 4; lastKnownFileType = sourcecode.c.h; path = ZJStarsView.h; sourceTree = "<group>"; };
		04DA134E2016E15A00C619E5 /* ZJCommitPhotoView.h */ = {isa = PBXFileReference; fileEncoding = 4; lastKnownFileType = sourcecode.c.h; path = ZJCommitPhotoView.h; sourceTree = "<group>"; };
		04DA134F2016E15A00C619E5 /* ZJCommitPhotoView.m */ = {isa = PBXFileReference; fileEncoding = 4; lastKnownFileType = sourcecode.c.objc; path = ZJCommitPhotoView.m; sourceTree = "<group>"; };
		04DA13572017036500C619E5 /* CommitsData.json */ = {isa = PBXFileReference; lastKnownFileType = text.json; path = CommitsData.json; sourceTree = "<group>"; };
		04DA135F20170CE400C619E5 /* ZJCommit.h */ = {isa = PBXFileReference; fileEncoding = 4; lastKnownFileType = sourcecode.c.h; path = ZJCommit.h; sourceTree = "<group>"; };
		04DA136020170CE400C619E5 /* ZJCommit.m */ = {isa = PBXFileReference; fileEncoding = 4; lastKnownFileType = sourcecode.c.objc; path = ZJCommit.m; sourceTree = "<group>"; };
		19C669F0165B11D48267E18B /* libPods-ZJUIKitTests.a */ = {isa = PBXFileReference; explicitFileType = archive.ar; includeInIndex = 0; path = "libPods-ZJUIKitTests.a"; sourceTree = BUILT_PRODUCTS_DIR; };
		56EBAE25D6B8273A0D70AF7E /* Pods-ZJUIKitTests.release.xcconfig */ = {isa = PBXFileReference; includeInIndex = 1; lastKnownFileType = text.xcconfig; name = "Pods-ZJUIKitTests.release.xcconfig"; path = "Pods/Target Support Files/Pods-ZJUIKitTests/Pods-ZJUIKitTests.release.xcconfig"; sourceTree = "<group>"; };
		75E48E274147C054F714A648 /* libPods-ZJUIKitUITests.a */ = {isa = PBXFileReference; explicitFileType = archive.ar; includeInIndex = 0; path = "libPods-ZJUIKitUITests.a"; sourceTree = BUILT_PRODUCTS_DIR; };
		7BF8E0E7FECF7DA6DC8768B8 /* Pods-ZJUIKitTests.debug.xcconfig */ = {isa = PBXFileReference; includeInIndex = 1; lastKnownFileType = text.xcconfig; name = "Pods-ZJUIKitTests.debug.xcconfig"; path = "Pods/Target Support Files/Pods-ZJUIKitTests/Pods-ZJUIKitTests.debug.xcconfig"; sourceTree = "<group>"; };
		9D414060AF62FAA3F46DC873 /* Pods-ZJUIKitUITests.debug.xcconfig */ = {isa = PBXFileReference; includeInIndex = 1; lastKnownFileType = text.xcconfig; name = "Pods-ZJUIKitUITests.debug.xcconfig"; path = "Pods/Target Support Files/Pods-ZJUIKitUITests/Pods-ZJUIKitUITests.debug.xcconfig"; sourceTree = "<group>"; };
		A489E547B7D3F30E6DCE41A0 /* Pods-ZJUIKit.debug.xcconfig */ = {isa = PBXFileReference; includeInIndex = 1; lastKnownFileType = text.xcconfig; name = "Pods-ZJUIKit.debug.xcconfig"; path = "Pods/Target Support Files/Pods-ZJUIKit/Pods-ZJUIKit.debug.xcconfig"; sourceTree = "<group>"; };
		D2CF9E53DB85CE69674E5B9B /* Pods-ZJUIKit.release.xcconfig */ = {isa = PBXFileReference; includeInIndex = 1; lastKnownFileType = text.xcconfig; name = "Pods-ZJUIKit.release.xcconfig"; path = "Pods/Target Support Files/Pods-ZJUIKit/Pods-ZJUIKit.release.xcconfig"; sourceTree = "<group>"; };
		E1A635A4506E10FFB42EB6B8 /* Pods-ZJUIKitUITests.release.xcconfig */ = {isa = PBXFileReference; includeInIndex = 1; lastKnownFileType = text.xcconfig; name = "Pods-ZJUIKitUITests.release.xcconfig"; path = "Pods/Target Support Files/Pods-ZJUIKitUITests/Pods-ZJUIKitUITests.release.xcconfig"; sourceTree = "<group>"; };
		F5FF7541D9F6268AAE2A309E /* libPods-ZJUIKit.a */ = {isa = PBXFileReference; explicitFileType = archive.ar; includeInIndex = 0; path = "libPods-ZJUIKit.a"; sourceTree = BUILT_PRODUCTS_DIR; };
/* End PBXFileReference section */

/* Begin PBXFrameworksBuildPhase section */
		0475BEDF1FD12E8A00617353 /* Frameworks */ = {
			isa = PBXFrameworksBuildPhase;
			buildActionMask = 2147483647;
			files = (
				CC64667703DAB9FA6E5B5CDF /* libPods-ZJUIKit.a in Frameworks */,
			);
			runOnlyForDeploymentPostprocessing = 0;
		};
		0475BEF71FD12E8A00617353 /* Frameworks */ = {
			isa = PBXFrameworksBuildPhase;
			buildActionMask = 2147483647;
			files = (
				2FC7844A5B01816D274CD513 /* libPods-ZJUIKitTests.a in Frameworks */,
			);
			runOnlyForDeploymentPostprocessing = 0;
		};
		0475BF021FD12E8A00617353 /* Frameworks */ = {
			isa = PBXFrameworksBuildPhase;
			buildActionMask = 2147483647;
			files = (
				48D9CD8AAB600BE3862E37B5 /* libPods-ZJUIKitUITests.a in Frameworks */,
			);
			runOnlyForDeploymentPostprocessing = 0;
		};
/* End PBXFrameworksBuildPhase section */

/* Begin PBXGroup section */
		0403A0052019B1AD00D4DF1B /* Cell */ = {
			isa = PBXGroup;
			children = (
				0403A0062019B1D600D4DF1B /* ZJTimeCountDownCell.h */,
				0403A0072019B1D600D4DF1B /* ZJTimeCountDownCell.m */,
			);
			path = Cell;
			sourceTree = "<group>";
		};
		044EE086201AD13A00ACFC0A /* MasonryCell */ = {
			isa = PBXGroup;
			children = (
				044EE1C4201B23CE00ACFC0A /* MasonryCellData.json */,
				044EE083201ACCD200ACFC0A /* ZJMasonryAutolayoutCell.h */,
				044EE084201ACCD200ACFC0A /* ZJMasonryAutolayoutCell.m */,
			);
			path = MasonryCell;
			sourceTree = "<group>";
		};
		044EE12A201B133200ACFC0A /* ZJKit+Masonry */ = {
			isa = PBXGroup;
			children = (
				044EE174201B133200ACFC0A /* ZJHelperKit.h */,
				044EE12B201B133200ACFC0A /* ControllerKit */,
				044EE130201B133200ACFC0A /* HelperKit */,
				044EE15D201B133200ACFC0A /* UIKit+Masonry */,
				044EE171201B133200ACFC0A /* View */,
				044EE175201B133200ACFC0A /* ZJKit */,
				044EE191201B133200ACFC0A /* ZJTool */,
			);
			path = "ZJKit+Masonry";
			sourceTree = "<group>";
		};
		044EE12B201B133200ACFC0A /* ControllerKit */ = {
			isa = PBXGroup;
			children = (
				044EE12C201B133200ACFC0A /* ZJKitBaseController.h */,
				044EE12D201B133200ACFC0A /* ZJKitBaseController.m */,
				044EE12E201B133200ACFC0A /* ZJKitNaigationController.h */,
				044EE12F201B133200ACFC0A /* ZJKitNaigationController.m */,
			);
			path = ControllerKit;
			sourceTree = "<group>";
		};
		044EE130201B133200ACFC0A /* HelperKit */ = {
			isa = PBXGroup;
			children = (
				044EE131201B133200ACFC0A /* NSArray+ZJHelperKit.h */,
				044EE132201B133200ACFC0A /* NSArray+ZJHelperKit.m */,
				044EE133201B133200ACFC0A /* NSDate+ZJHelperKit.h */,
				044EE134201B133200ACFC0A /* NSDate+ZJHelperKit.m */,
				044EE135201B133200ACFC0A /* NSDictionary+ZJHelperKit.h */,
				044EE136201B133200ACFC0A /* NSDictionary+ZJHelperKit.m */,
				044EE137201B133200ACFC0A /* NSFileManager+ZJHelperKit.h */,
				044EE138201B133200ACFC0A /* NSFileManager+ZJHelperKit.m */,
				044EE139201B133200ACFC0A /* NSMutableArray+ZJHelperKit.h */,
				044EE13A201B133200ACFC0A /* NSMutableArray+ZJHelperKit.m */,
				044EE13B201B133200ACFC0A /* NSMutableDictionary+ZJHelperKit.h */,
				044EE13C201B133200ACFC0A /* NSMutableDictionary+ZJHelperKit.m */,
				044EE13D201B133200ACFC0A /* NSNumber+ZJHelperKit.h */,
				044EE13E201B133200ACFC0A /* NSNumber+ZJHelperKit.m */,
				044EE13F201B133200ACFC0A /* NSObject+ZJHelperKit.h */,
				044EE140201B133200ACFC0A /* NSObject+ZJHelperKit.m */,
				044EE141201B133200ACFC0A /* NSString+ZJHelperKit.h */,
				044EE142201B133200ACFC0A /* NSString+ZJHelperKit.m */,
				044EE143201B133200ACFC0A /* NSTimer+ZJHelperKit.h */,
				044EE144201B133200ACFC0A /* NSTimer+ZJHelperKit.m */,
				044EE145201B133200ACFC0A /* NSUserDefaults+ZJHelperKit.h */,
				044EE146201B133200ACFC0A /* NSUserDefaults+ZJHelperKit.m */,
				044EE147201B133200ACFC0A /* UIActionSheet+ZJHelperKit.h */,
				044EE148201B133200ACFC0A /* UIActionSheet+ZJHelperKit.m */,
				044EE149201B133200ACFC0A /* UIAlertView+ZJHelperKitUIKit.h */,
				044EE14A201B133200ACFC0A /* UIAlertView+ZJHelperKitUIKit.m */,
				044EE14B201B133200ACFC0A /* UIColor+ZJHelperKitUIkit.h */,
				044EE14C201B133200ACFC0A /* UIColor+ZJHelperKitUIkit.m */,
				044EE14D201B133200ACFC0A /* UIControl+ZJHelperBlockKit.h */,
				044EE14E201B133200ACFC0A /* UIControl+ZJHelperBlockKit.m */,
				044EE14F201B133200ACFC0A /* UIDevice+ZJHelperKitUIKit.h */,
				044EE150201B133200ACFC0A /* UIDevice+ZJHelperKitUIKit.m */,
				044EE151201B133200ACFC0A /* UIGestureRecognizer+ZJHelperBlockKit.h */,
				044EE152201B133200ACFC0A /* UIGestureRecognizer+ZJHelperBlockKit.m */,
				044EE153201B133200ACFC0A /* UIImageView+ZJCornerRadiusHelperKit.h */,
				044EE154201B133200ACFC0A /* UIImageView+ZJCornerRadiusHelperKit.m */,
				044EE155201B133200ACFC0A /* UITextView+ZJHelperKit.h */,
				044EE156201B133200ACFC0A /* UITextView+ZJHelperKit.m */,
				044EE157201B133200ACFC0A /* UIView+ZJHelperKitUIkit.h */,
				044EE158201B133200ACFC0A /* UIView+ZJHelperKitUIkit.m */,
				044EE159201B133200ACFC0A /* UIView+ZJHUDHelperKit.h */,
				044EE15A201B133200ACFC0A /* UIView+ZJHUDHelperKit.m */,
				044EE15B201B133200ACFC0A /* ZJCommonKit.h */,
				044EE15C201B133200ACFC0A /* ZJCommonKit.m */,
			);
			path = HelperKit;
			sourceTree = "<group>";
		};
		044EE15D201B133200ACFC0A /* UIKit+Masonry */ = {
			isa = PBXGroup;
			children = (
				044EE15E201B133200ACFC0A /* UIButton+ZJMasonryKit.h */,
				044EE15F201B133200ACFC0A /* UIButton+ZJMasonryKit.m */,
				044EE160201B133200ACFC0A /* UICollectionView+ZJMasonryKit.h */,
				044EE161201B133200ACFC0A /* UICollectionView+ZJMasonryKit.m */,
				044EE162201B133200ACFC0A /* UIImageView+ZJMasonryKit.h */,
				044EE163201B133200ACFC0A /* UIImageView+ZJMasonryKit.m */,
				044EE164201B133200ACFC0A /* UILabel+ZJMasonryKit.h */,
				044EE165201B133200ACFC0A /* UILabel+ZJMasonryKit.m */,
				044EE166201B133200ACFC0A /* UITableView+ZJMarsonryKit.h */,
				044EE167201B133200ACFC0A /* UITableView+ZJMarsonryKit.m */,
				044EE168201B133200ACFC0A /* UITextField+ZJMasonryKit.h */,
				044EE169201B133200ACFC0A /* UITextField+ZJMasonryKit.m */,
				044EE16A201B133200ACFC0A /* UITextView+ZJMasonryKit.h */,
				044EE16B201B133200ACFC0A /* UITextView+ZJMasonryKit.m */,
				044EE16C201B133200ACFC0A /* UIView+ZJMasonryKit.h */,
				044EE16D201B133200ACFC0A /* UIView+ZJMasonryKit.m */,
				044EE16E201B133200ACFC0A /* UIWebView+ZJMasonryKit.h */,
				044EE16F201B133200ACFC0A /* UIWebView+ZJMasonryKit.m */,
				044EE170201B133200ACFC0A /* ZJUIMasonsyKit.h */,
			);
			path = "UIKit+Masonry";
			sourceTree = "<group>";
		};
		044EE171201B133200ACFC0A /* View */ = {
			isa = PBXGroup;
			children = (
				044EE172201B133200ACFC0A /* ZJBaseTableViewCell.h */,
				044EE173201B133200ACFC0A /* ZJBaseTableViewCell.m */,
			);
			path = View;
			sourceTree = "<group>";
		};
		044EE175201B133200ACFC0A /* ZJKit */ = {
			isa = PBXGroup;
			children = (
				044EE176201B133200ACFC0A /* NSString+ZJString.h */,
				044EE177201B133200ACFC0A /* NSString+ZJString.m */,
				044EE178201B133200ACFC0A /* UIAlertController+ZJAlert.h */,
				044EE179201B133200ACFC0A /* UIAlertController+ZJAlert.m */,
				044EE17A201B133200ACFC0A /* UIButton+ZJButton.h */,
				044EE17B201B133200ACFC0A /* UIButton+ZJButton.m */,
				044EE17C201B133200ACFC0A /* UIColor+ZJColor.h */,
				044EE17D201B133200ACFC0A /* UIColor+ZJColor.m */,
				044EE17E201B133200ACFC0A /* UIDevice+ZJDivice.h */,
				044EE17F201B133200ACFC0A /* UIDevice+ZJDivice.m */,
				044EE180201B133200ACFC0A /* UIImage+ZJImage.h */,
				044EE181201B133200ACFC0A /* UIImage+ZJImage.m */,
				044EE182201B133200ACFC0A /* UIImageView+ZJImageView.h */,
				044EE183201B133200ACFC0A /* UIImageView+ZJImageView.m */,
				044EE184201B133200ACFC0A /* UILabel+ZJLabel.h */,
				044EE185201B133200ACFC0A /* UILabel+ZJLabel.m */,
				044EE186201B133200ACFC0A /* UIScrollView+ZJScrollView.h */,
				044EE187201B133200ACFC0A /* UIScrollView+ZJScrollView.m */,
				044EE188201B133200ACFC0A /* UITextField+ZJTextField.h */,
				044EE189201B133200ACFC0A /* UITextField+ZJTextField.m */,
				044EE18A201B133200ACFC0A /* UITextView+ZJTextView.h */,
				044EE18B201B133200ACFC0A /* UITextView+ZJTextView.m */,
				044EE18C201B133200ACFC0A /* UIViewController+ZJViewController.h */,
				044EE18D201B133200ACFC0A /* UIViewController+ZJViewController.m */,
				044EE18E201B133200ACFC0A /* ZJButton.h */,
				044EE18F201B133200ACFC0A /* ZJButton.m */,
				044EE190201B133200ACFC0A /* ZJKitHelper.h */,
			);
			path = ZJKit;
			sourceTree = "<group>";
		};
		044EE191201B133200ACFC0A /* ZJTool */ = {
			isa = PBXGroup;
			children = (
				044EE192201B133200ACFC0A /* ZJTimeCountDown.h */,
				044EE193201B133200ACFC0A /* ZJTimeCountDown.m */,
			);
			path = ZJTool;
			sourceTree = "<group>";
		};
		0475BED91FD12E8A00617353 = {
			isa = PBXGroup;
			children = (
				0475BEE41FD12E8A00617353 /* ZJUIKit */,
				0475BEFD1FD12E8A00617353 /* ZJUIKitTests */,
				0475BF081FD12E8A00617353 /* ZJUIKitUITests */,
				0475BEE31FD12E8A00617353 /* Products */,
				5D4D298972978F12A31C24E8 /* Pods */,
				1275F06D8E1D11024C6119E8 /* Frameworks */,
			);
			sourceTree = "<group>";
		};
		0475BEE31FD12E8A00617353 /* Products */ = {
			isa = PBXGroup;
			children = (
				0475BEE21FD12E8A00617353 /* ZJUIKit.app */,
				0475BEFA1FD12E8A00617353 /* ZJUIKitTests.xctest */,
				0475BF051FD12E8A00617353 /* ZJUIKitUITests.xctest */,
			);
			name = Products;
			sourceTree = "<group>";
		};
		0475BEE41FD12E8A00617353 /* ZJUIKit */ = {
			isa = PBXGroup;
			children = (
				044EE12A201B133200ACFC0A /* ZJKit+Masonry */,
				04C7482D1FD7C70700A749E3 /* Controller */,
				04C7481C1FD6500900A749E3 /* View */,
				0475BEE51FD12E8A00617353 /* AppDelegate.h */,
				0475BEE61FD12E8A00617353 /* AppDelegate.m */,
				0475BEEB1FD12E8A00617353 /* Main.storyboard */,
				0475BEEE1FD12E8A00617353 /* Assets.xcassets */,
				0475BEF01FD12E8A00617353 /* LaunchScreen.storyboard */,
				0475BEF31FD12E8A00617353 /* Info.plist */,
				0475BEF41FD12E8A00617353 /* main.m */,
				04C748081FD6476C00A749E3 /* Header.h */,
			);
			path = ZJUIKit;
			sourceTree = "<group>";
		};
		0475BEFD1FD12E8A00617353 /* ZJUIKitTests */ = {
			isa = PBXGroup;
			children = (
				0475BEFE1FD12E8A00617353 /* ZJUIKitTests.m */,
				0475BF001FD12E8A00617353 /* Info.plist */,
			);
			path = ZJUIKitTests;
			sourceTree = "<group>";
		};
		0475BF081FD12E8A00617353 /* ZJUIKitUITests */ = {
			isa = PBXGroup;
			children = (
				0475BF091FD12E8A00617353 /* ZJUIKitUITests.m */,
				0475BF0B1FD12E8A00617353 /* Info.plist */,
			);
			path = ZJUIKitUITests;
			sourceTree = "<group>";
		};
		048E8A16201728C600486470 /* ChooseView */ = {
			isa = PBXGroup;
			children = (
				048E8A3020172E7B00486470 /* Model */,
				048E8A17201728C600486470 /* Cell */,
				048E8A1C201728C600486470 /* ZJChooseControlView.h */,
				048E8A1D201728C600486470 /* ZJChooseControlView.m */,
				048E8A1E201728C600486470 /* ZJChooseShowView.h */,
				048E8A1F201728C600486470 /* ZJChooseShowView.m */,
				048E8A22201728C600486470 /* ZJOneChildView.h */,
				048E8A23201728C600486470 /* ZJOneChildView.m */,
				048E8A26201728C600486470 /* ZJTwoChildView.h */,
				048E8A27201728C600486470 /* ZJTwoChildView.m */,
				048E8A24201728C600486470 /* ZJThreeChildView.h */,
				048E8A25201728C600486470 /* ZJThreeChildView.m */,
				048E8A20201728C600486470 /* ZJFourChildView.h */,
				048E8A21201728C600486470 /* ZJFourChildView.m */,
			);
			path = ChooseView;
			sourceTree = "<group>";
		};
		048E8A17201728C600486470 /* Cell */ = {
			isa = PBXGroup;
			children = (
				048E8A18201728C600486470 /* ZJChooseOneRightCell.h */,
				048E8A19201728C600486470 /* ZJChooseOneRightCell.m */,
				048E8A1A201728C600486470 /* ZJChooseViewOneLeftCell.h */,
				048E8A1B201728C600486470 /* ZJChooseViewOneLeftCell.m */,
			);
			path = Cell;
			sourceTree = "<group>";
		};
		048E8A3020172E7B00486470 /* Model */ = {
			isa = PBXGroup;
			children = (
				048E8A3120172E9300486470 /* ZJChooseModel.h */,
				048E8A3220172E9300486470 /* ZJChooseModel.m */,
			);
			path = Model;
			sourceTree = "<group>";
		};
		04C7481C1FD6500900A749E3 /* View */ = {
			isa = PBXGroup;
			children = (
				044EE086201AD13A00ACFC0A /* MasonryCell */,
				0403A0052019B1AD00D4DF1B /* Cell */,
				04DA13382016DFB800C619E5 /* Commit */,
				048E8A16201728C600486470 /* ChooseView */,
			);
			path = View;
			sourceTree = "<group>";
		};
		04C7482D1FD7C70700A749E3 /* Controller */ = {
			isa = PBXGroup;
			children = (
				042190BE20186182009056E2 /* ZJMainViewController.h */,
				042190BF20186182009056E2 /* ZJMainViewController.m */,
				042190C120186A8A009056E2 /* ZJKitAndMasonryViewController.h */,
				042190C220186A8A009056E2 /* ZJKitAndMasonryViewController.m */,
				04DA133C2016E02E00C619E5 /* ZJCommitViewController.h */,
				04DA133D2016E02E00C619E5 /* ZJCommitViewController.m */,
				04242DDE1FDA3AE2004682D3 /* ZJChooseViewController.h */,
				04242DDF1FDA3AE2004682D3 /* ZJChooseViewController.m */,
				0403A0022019A9B200D4DF1B /* ZJTimeCountDownViewController.h */,
				0403A0032019A9B200D4DF1B /* ZJTimeCountDownViewController.m */,
				044EE080201ACB3200ACFC0A /* ZJMasonryAutolayoutCellViewController.h */,
				044EE081201ACB3200ACFC0A /* ZJMasonryAutolayoutCellViewController.m */,
			);
			path = Controller;
			sourceTree = "<group>";
		};
		04DA13382016DFB800C619E5 /* Commit */ = {
			isa = PBXGroup;
			children = (
				04DA13572017036500C619E5 /* CommitsData.json */,
				04DA133B2016E01400C619E5 /* ViewModel */,
				04DA133A2016E00C00C619E5 /* View */,
			);
			path = Commit;
			sourceTree = "<group>";
		};
		04DA133A2016E00C00C619E5 /* View */ = {
			isa = PBXGroup;
			children = (
				04DA13452016E0C900C619E5 /* ZJCommitCell.h */,
				04DA13462016E0C900C619E5 /* ZJCommitCell.m */,
				04DA134E2016E15A00C619E5 /* ZJCommitPhotoView.h */,
				04DA134F2016E15A00C619E5 /* ZJCommitPhotoView.m */,
				04DA13482016E13400C619E5 /* ZJImgLeftBtn.h */,
				04DA13492016E13400C619E5 /* ZJImgLeftBtn.m */,
				04DA134C2016E14400C619E5 /* ZJStarsView.h */,
				04DA134B2016E14300C619E5 /* ZJStarsView.m */,
			);
			path = View;
			sourceTree = "<group>";
		};
		04DA133B2016E01400C619E5 /* ViewModel */ = {
			isa = PBXGroup;
			children = (
				04DA135F20170CE400C619E5 /* ZJCommit.h */,
				04DA136020170CE400C619E5 /* ZJCommit.m */,
				04DA13402016E07D00C619E5 /* ZJCommitFrame.h */,
				04DA13412016E07D00C619E5 /* ZJCommitFrame.m */,
			);
			path = ViewModel;
			sourceTree = "<group>";
		};
		1275F06D8E1D11024C6119E8 /* Frameworks */ = {
			isa = PBXGroup;
			children = (
				F5FF7541D9F6268AAE2A309E /* libPods-ZJUIKit.a */,
				19C669F0165B11D48267E18B /* libPods-ZJUIKitTests.a */,
				75E48E274147C054F714A648 /* libPods-ZJUIKitUITests.a */,
			);
			name = Frameworks;
			sourceTree = "<group>";
		};
		5D4D298972978F12A31C24E8 /* Pods */ = {
			isa = PBXGroup;
			children = (
				A489E547B7D3F30E6DCE41A0 /* Pods-ZJUIKit.debug.xcconfig */,
				D2CF9E53DB85CE69674E5B9B /* Pods-ZJUIKit.release.xcconfig */,
				7BF8E0E7FECF7DA6DC8768B8 /* Pods-ZJUIKitTests.debug.xcconfig */,
				56EBAE25D6B8273A0D70AF7E /* Pods-ZJUIKitTests.release.xcconfig */,
				9D414060AF62FAA3F46DC873 /* Pods-ZJUIKitUITests.debug.xcconfig */,
				E1A635A4506E10FFB42EB6B8 /* Pods-ZJUIKitUITests.release.xcconfig */,
			);
			name = Pods;
			sourceTree = "<group>";
		};
/* End PBXGroup section */

/* Begin PBXNativeTarget section */
		0475BEE11FD12E8A00617353 /* ZJUIKit */ = {
			isa = PBXNativeTarget;
			buildConfigurationList = 0475BF0E1FD12E8A00617353 /* Build configuration list for PBXNativeTarget "ZJUIKit" */;
			buildPhases = (
				07F0587AFCFBCA59CAE59C6A /* [CP] Check Pods Manifest.lock */,
				0475BEDE1FD12E8A00617353 /* Sources */,
				0475BEDF1FD12E8A00617353 /* Frameworks */,
				0475BEE01FD12E8A00617353 /* Resources */,
				7E28E4C628CE7528526DB017 /* [CP] Embed Pods Frameworks */,
				D26E27C7A0AC3C98B2B084EC /* [CP] Copy Pods Resources */,
			);
			buildRules = (
			);
			dependencies = (
			);
			name = ZJUIKit;
			productName = ZJUIKit;
			productReference = 0475BEE21FD12E8A00617353 /* ZJUIKit.app */;
			productType = "com.apple.product-type.application";
		};
		0475BEF91FD12E8A00617353 /* ZJUIKitTests */ = {
			isa = PBXNativeTarget;
			buildConfigurationList = 0475BF111FD12E8A00617353 /* Build configuration list for PBXNativeTarget "ZJUIKitTests" */;
			buildPhases = (
				76C219CBBD65D52832048CCE /* [CP] Check Pods Manifest.lock */,
				0475BEF61FD12E8A00617353 /* Sources */,
				0475BEF71FD12E8A00617353 /* Frameworks */,
				0475BEF81FD12E8A00617353 /* Resources */,
				48EA40F8AB7E1955516F1A9F /* [CP] Embed Pods Frameworks */,
				6C365722C92EBCDD15AB43D2 /* [CP] Copy Pods Resources */,
			);
			buildRules = (
			);
			dependencies = (
				0475BEFC1FD12E8A00617353 /* PBXTargetDependency */,
			);
			name = ZJUIKitTests;
			productName = ZJUIKitTests;
			productReference = 0475BEFA1FD12E8A00617353 /* ZJUIKitTests.xctest */;
			productType = "com.apple.product-type.bundle.unit-test";
		};
		0475BF041FD12E8A00617353 /* ZJUIKitUITests */ = {
			isa = PBXNativeTarget;
			buildConfigurationList = 0475BF141FD12E8A00617353 /* Build configuration list for PBXNativeTarget "ZJUIKitUITests" */;
			buildPhases = (
				0192E0B1CD70ED1C7B070DC1 /* [CP] Check Pods Manifest.lock */,
				0475BF011FD12E8A00617353 /* Sources */,
				0475BF021FD12E8A00617353 /* Frameworks */,
				0475BF031FD12E8A00617353 /* Resources */,
				F6F3999B4517D72EE226B959 /* [CP] Embed Pods Frameworks */,
				9F8F194B8473C89794B81099 /* [CP] Copy Pods Resources */,
			);
			buildRules = (
			);
			dependencies = (
				0475BF071FD12E8A00617353 /* PBXTargetDependency */,
			);
			name = ZJUIKitUITests;
			productName = ZJUIKitUITests;
			productReference = 0475BF051FD12E8A00617353 /* ZJUIKitUITests.xctest */;
			productType = "com.apple.product-type.bundle.ui-testing";
		};
/* End PBXNativeTarget section */

/* Begin PBXProject section */
		0475BEDA1FD12E8A00617353 /* Project object */ = {
			isa = PBXProject;
			attributes = {
				CLASSPREFIX = ZJ;
				LastUpgradeCheck = 0910;
				ORGANIZATIONNAME = kapokcloud;
				TargetAttributes = {
					0475BEE11FD12E8A00617353 = {
						CreatedOnToolsVersion = 9.1;
						ProvisioningStyle = Automatic;
					};
					0475BEF91FD12E8A00617353 = {
						CreatedOnToolsVersion = 9.1;
						ProvisioningStyle = Automatic;
						TestTargetID = 0475BEE11FD12E8A00617353;
					};
					0475BF041FD12E8A00617353 = {
						CreatedOnToolsVersion = 9.1;
						ProvisioningStyle = Automatic;
						TestTargetID = 0475BEE11FD12E8A00617353;
					};
				};
			};
			buildConfigurationList = 0475BEDD1FD12E8A00617353 /* Build configuration list for PBXProject "ZJUIKit" */;
			compatibilityVersion = "Xcode 8.0";
			developmentRegion = en;
			hasScannedForEncodings = 0;
			knownRegions = (
				en,
				Base,
			);
			mainGroup = 0475BED91FD12E8A00617353;
			productRefGroup = 0475BEE31FD12E8A00617353 /* Products */;
			projectDirPath = "";
			projectRoot = "";
			targets = (
				0475BEE11FD12E8A00617353 /* ZJUIKit */,
				0475BEF91FD12E8A00617353 /* ZJUIKitTests */,
				0475BF041FD12E8A00617353 /* ZJUIKitUITests */,
			);
		};
/* End PBXProject section */

/* Begin PBXResourcesBuildPhase section */
		0475BEE01FD12E8A00617353 /* Resources */ = {
			isa = PBXResourcesBuildPhase;
			buildActionMask = 2147483647;
			files = (
				0475BEF21FD12E8A00617353 /* LaunchScreen.storyboard in Resources */,
				0475BEEF1FD12E8A00617353 /* Assets.xcassets in Resources */,
				04DA13582017036500C619E5 /* CommitsData.json in Resources */,
				044EE1C5201B23CE00ACFC0A /* MasonryCellData.json in Resources */,
				0475BEED1FD12E8A00617353 /* Main.storyboard in Resources */,
			);
			runOnlyForDeploymentPostprocessing = 0;
		};
		0475BEF81FD12E8A00617353 /* Resources */ = {
			isa = PBXResourcesBuildPhase;
			buildActionMask = 2147483647;
			files = (
			);
			runOnlyForDeploymentPostprocessing = 0;
		};
		0475BF031FD12E8A00617353 /* Resources */ = {
			isa = PBXResourcesBuildPhase;
			buildActionMask = 2147483647;
			files = (
			);
			runOnlyForDeploymentPostprocessing = 0;
		};
/* End PBXResourcesBuildPhase section */

/* Begin PBXShellScriptBuildPhase section */
		0192E0B1CD70ED1C7B070DC1 /* [CP] Check Pods Manifest.lock */ = {
			isa = PBXShellScriptBuildPhase;
			buildActionMask = 2147483647;
			files = (
			);
			inputPaths = (
			);
			name = "[CP] Check Pods Manifest.lock";
			outputPaths = (
			);
			runOnlyForDeploymentPostprocessing = 0;
			shellPath = /bin/sh;
			shellScript = "diff \"${PODS_ROOT}/../Podfile.lock\" \"${PODS_ROOT}/Manifest.lock\" > /dev/null\nif [ $? != 0 ] ; then\n    # print error to STDERR\n    echo \"error: The sandbox is not in sync with the Podfile.lock. Run 'pod install' or update your CocoaPods installation.\" >&2\n    exit 1\nfi\n";
			showEnvVarsInLog = 0;
		};
		07F0587AFCFBCA59CAE59C6A /* [CP] Check Pods Manifest.lock */ = {
			isa = PBXShellScriptBuildPhase;
			buildActionMask = 2147483647;
			files = (
			);
			inputPaths = (
			);
			name = "[CP] Check Pods Manifest.lock";
			outputPaths = (
			);
			runOnlyForDeploymentPostprocessing = 0;
			shellPath = /bin/sh;
			shellScript = "diff \"${PODS_ROOT}/../Podfile.lock\" \"${PODS_ROOT}/Manifest.lock\" > /dev/null\nif [ $? != 0 ] ; then\n    # print error to STDERR\n    echo \"error: The sandbox is not in sync with the Podfile.lock. Run 'pod install' or update your CocoaPods installation.\" >&2\n    exit 1\nfi\n";
			showEnvVarsInLog = 0;
		};
		48EA40F8AB7E1955516F1A9F /* [CP] Embed Pods Frameworks */ = {
			isa = PBXShellScriptBuildPhase;
			buildActionMask = 2147483647;
			files = (
			);
			inputPaths = (
			);
			name = "[CP] Embed Pods Frameworks";
			outputPaths = (
			);
			runOnlyForDeploymentPostprocessing = 0;
			shellPath = /bin/sh;
			shellScript = "\"${SRCROOT}/Pods/Target Support Files/Pods-ZJUIKitTests/Pods-ZJUIKitTests-frameworks.sh\"\n";
			showEnvVarsInLog = 0;
		};
		6C365722C92EBCDD15AB43D2 /* [CP] Copy Pods Resources */ = {
			isa = PBXShellScriptBuildPhase;
			buildActionMask = 2147483647;
			files = (
			);
			inputPaths = (
			);
			name = "[CP] Copy Pods Resources";
			outputPaths = (
			);
			runOnlyForDeploymentPostprocessing = 0;
			shellPath = /bin/sh;
			shellScript = "\"${SRCROOT}/Pods/Target Support Files/Pods-ZJUIKitTests/Pods-ZJUIKitTests-resources.sh\"\n";
			showEnvVarsInLog = 0;
		};
		76C219CBBD65D52832048CCE /* [CP] Check Pods Manifest.lock */ = {
			isa = PBXShellScriptBuildPhase;
			buildActionMask = 2147483647;
			files = (
			);
			inputPaths = (
			);
			name = "[CP] Check Pods Manifest.lock";
			outputPaths = (
			);
			runOnlyForDeploymentPostprocessing = 0;
			shellPath = /bin/sh;
			shellScript = "diff \"${PODS_ROOT}/../Podfile.lock\" \"${PODS_ROOT}/Manifest.lock\" > /dev/null\nif [ $? != 0 ] ; then\n    # print error to STDERR\n    echo \"error: The sandbox is not in sync with the Podfile.lock. Run 'pod install' or update your CocoaPods installation.\" >&2\n    exit 1\nfi\n";
			showEnvVarsInLog = 0;
		};
		7E28E4C628CE7528526DB017 /* [CP] Embed Pods Frameworks */ = {
			isa = PBXShellScriptBuildPhase;
			buildActionMask = 2147483647;
			files = (
			);
			inputPaths = (
			);
			name = "[CP] Embed Pods Frameworks";
			outputPaths = (
			);
			runOnlyForDeploymentPostprocessing = 0;
			shellPath = /bin/sh;
			shellScript = "\"${SRCROOT}/Pods/Target Support Files/Pods-ZJUIKit/Pods-ZJUIKit-frameworks.sh\"\n";
			showEnvVarsInLog = 0;
		};
		9F8F194B8473C89794B81099 /* [CP] Copy Pods Resources */ = {
			isa = PBXShellScriptBuildPhase;
			buildActionMask = 2147483647;
			files = (
			);
			inputPaths = (
			);
			name = "[CP] Copy Pods Resources";
			outputPaths = (
			);
			runOnlyForDeploymentPostprocessing = 0;
			shellPath = /bin/sh;
			shellScript = "\"${SRCROOT}/Pods/Target Support Files/Pods-ZJUIKitUITests/Pods-ZJUIKitUITests-resources.sh\"\n";
			showEnvVarsInLog = 0;
		};
		D26E27C7A0AC3C98B2B084EC /* [CP] Copy Pods Resources */ = {
			isa = PBXShellScriptBuildPhase;
			buildActionMask = 2147483647;
			files = (
			);
			inputPaths = (
			);
			name = "[CP] Copy Pods Resources";
			outputPaths = (
			);
			runOnlyForDeploymentPostprocessing = 0;
			shellPath = /bin/sh;
			shellScript = "\"${SRCROOT}/Pods/Target Support Files/Pods-ZJUIKit/Pods-ZJUIKit-resources.sh\"\n";
			showEnvVarsInLog = 0;
		};
		F6F3999B4517D72EE226B959 /* [CP] Embed Pods Frameworks */ = {
			isa = PBXShellScriptBuildPhase;
			buildActionMask = 2147483647;
			files = (
			);
			inputPaths = (
			);
			name = "[CP] Embed Pods Frameworks";
			outputPaths = (
			);
			runOnlyForDeploymentPostprocessing = 0;
			shellPath = /bin/sh;
			shellScript = "\"${SRCROOT}/Pods/Target Support Files/Pods-ZJUIKitUITests/Pods-ZJUIKitUITests-frameworks.sh\"\n";
			showEnvVarsInLog = 0;
		};
/* End PBXShellScriptBuildPhase section */

/* Begin PBXSourcesBuildPhase section */
		0475BEDE1FD12E8A00617353 /* Sources */ = {
			isa = PBXSourcesBuildPhase;
			buildActionMask = 2147483647;
			files = (
				044EE1A6201B133200ACFC0A /* UIGestureRecognizer+ZJHelperBlockKit.m in Sources */,
				044EE199201B133200ACFC0A /* NSFileManager+ZJHelperKit.m in Sources */,
				04242DE01FDA3AE2004682D3 /* ZJChooseViewController.m in Sources */,
				044EE1C3201B133200ACFC0A /* ZJTimeCountDown.m in Sources */,
				044EE1A1201B133200ACFC0A /* UIActionSheet+ZJHelperKit.m in Sources */,
				044EE1A8201B133200ACFC0A /* UITextView+ZJHelperKit.m in Sources */,
				044EE1C2201B133200ACFC0A /* ZJButton.m in Sources */,
				044EE197201B133200ACFC0A /* NSDate+ZJHelperKit.m in Sources */,
				044EE1A5201B133200ACFC0A /* UIDevice+ZJHelperKitUIKit.m in Sources */,
				044EE1A9201B133200ACFC0A /* UIView+ZJHelperKitUIkit.m in Sources */,
				044EE1BF201B133200ACFC0A /* UITextField+ZJTextField.m in Sources */,
				044EE195201B133200ACFC0A /* ZJKitNaigationController.m in Sources */,
				04DA134A2016E13500C619E5 /* ZJImgLeftBtn.m in Sources */,
				044EE1A7201B133200ACFC0A /* UIImageView+ZJCornerRadiusHelperKit.m in Sources */,
				04DA13432016E07D00C619E5 /* ZJCommitFrame.m in Sources */,
				044EE1B4201B133200ACFC0A /* UIWebView+ZJMasonryKit.m in Sources */,
				044EE1B3201B133200ACFC0A /* UIView+ZJMasonryKit.m in Sources */,
				044EE1C0201B133200ACFC0A /* UITextView+ZJTextView.m in Sources */,
				048E8A2F201728C600486470 /* ZJTwoChildView.m in Sources */,
				044EE1BC201B133200ACFC0A /* UIImageView+ZJImageView.m in Sources */,
				044EE1B5201B133200ACFC0A /* ZJBaseTableViewCell.m in Sources */,
				04DA136120170CE400C619E5 /* ZJCommit.m in Sources */,
				048E8A2E201728C600486470 /* ZJThreeChildView.m in Sources */,
				048E8A28201728C600486470 /* ZJChooseOneRightCell.m in Sources */,
				044EE198201B133200ACFC0A /* NSDictionary+ZJHelperKit.m in Sources */,
				048E8A2D201728C600486470 /* ZJOneChildView.m in Sources */,
				044EE19E201B133200ACFC0A /* NSString+ZJHelperKit.m in Sources */,
				048E8A3320172E9300486470 /* ZJChooseModel.m in Sources */,
				044EE1AD201B133200ACFC0A /* UICollectionView+ZJMasonryKit.m in Sources */,
				048E8A2A201728C600486470 /* ZJChooseControlView.m in Sources */,
				042190C320186A8A009056E2 /* ZJKitAndMasonryViewController.m in Sources */,
				044EE1AC201B133200ACFC0A /* UIButton+ZJMasonryKit.m in Sources */,
				0475BEF51FD12E8A00617353 /* main.m in Sources */,
				044EE1AE201B133200ACFC0A /* UIImageView+ZJMasonryKit.m in Sources */,
				048E8A2B201728C600486470 /* ZJChooseShowView.m in Sources */,
				044EE1A0201B133200ACFC0A /* NSUserDefaults+ZJHelperKit.m in Sources */,
				04DA133E2016E02E00C619E5 /* ZJCommitViewController.m in Sources */,
				044EE1B6201B133200ACFC0A /* NSString+ZJString.m in Sources */,
				04DA13502016E15B00C619E5 /* ZJCommitPhotoView.m in Sources */,
				04DA134D2016E14400C619E5 /* ZJStarsView.m in Sources */,
				044EE1A3201B133200ACFC0A /* UIColor+ZJHelperKitUIkit.m in Sources */,
				044EE19F201B133200ACFC0A /* NSTimer+ZJHelperKit.m in Sources */,
				044EE1B9201B133200ACFC0A /* UIColor+ZJColor.m in Sources */,
				0475BEE71FD12E8A00617353 /* AppDelegate.m in Sources */,
				044EE085201ACCD200ACFC0A /* ZJMasonryAutolayoutCell.m in Sources */,
				044EE196201B133200ACFC0A /* NSArray+ZJHelperKit.m in Sources */,
				048E8A2C201728C600486470 /* ZJFourChildView.m in Sources */,
				044EE19A201B133200ACFC0A /* NSMutableArray+ZJHelperKit.m in Sources */,
				044EE1AA201B133200ACFC0A /* UIView+ZJHUDHelperKit.m in Sources */,
				044EE1B8201B133200ACFC0A /* UIButton+ZJButton.m in Sources */,
				044EE1B0201B133200ACFC0A /* UITableView+ZJMarsonryKit.m in Sources */,
				044EE194201B133200ACFC0A /* ZJKitBaseController.m in Sources */,
				044EE1BB201B133200ACFC0A /* UIImage+ZJImage.m in Sources */,
				048E8A29201728C600486470 /* ZJChooseViewOneLeftCell.m in Sources */,
				044EE1A4201B133200ACFC0A /* UIControl+ZJHelperBlockKit.m in Sources */,
				044EE1BE201B133200ACFC0A /* UIScrollView+ZJScrollView.m in Sources */,
				044EE1A2201B133200ACFC0A /* UIAlertView+ZJHelperKitUIKit.m in Sources */,
				044EE1B1201B133200ACFC0A /* UITextField+ZJMasonryKit.m in Sources */,
				044EE082201ACB3200ACFC0A /* ZJMasonryAutolayoutCellViewController.m in Sources */,
				044EE1BD201B133200ACFC0A /* UILabel+ZJLabel.m in Sources */,
				044EE1C1201B133200ACFC0A /* UIViewController+ZJViewController.m in Sources */,
				044EE1AF201B133200ACFC0A /* UILabel+ZJMasonryKit.m in Sources */,
				044EE19B201B133200ACFC0A /* NSMutableDictionary+ZJHelperKit.m in Sources */,
				04DA13472016E0C900C619E5 /* ZJCommitCell.m in Sources */,
				044EE1AB201B133200ACFC0A /* ZJCommonKit.m in Sources */,
				044EE1B2201B133200ACFC0A /* UITextView+ZJMasonryKit.m in Sources */,
				044EE19D201B133200ACFC0A /* NSObject+ZJHelperKit.m in Sources */,
				044EE19C201B133200ACFC0A /* NSNumber+ZJHelperKit.m in Sources */,
				044EE1B7201B133200ACFC0A /* UIAlertController+ZJAlert.m in Sources */,
				042190C020186182009056E2 /* ZJMainViewController.m in Sources */,
				0403A0082019B1D600D4DF1B /* ZJTimeCountDownCell.m in Sources */,
				0403A0042019A9B200D4DF1B /* ZJTimeCountDownViewController.m in Sources */,
				044EE1BA201B133200ACFC0A /* UIDevice+ZJDivice.m in Sources */,
			);
			runOnlyForDeploymentPostprocessing = 0;
		};
		0475BEF61FD12E8A00617353 /* Sources */ = {
			isa = PBXSourcesBuildPhase;
			buildActionMask = 2147483647;
			files = (
				0475BEFF1FD12E8A00617353 /* ZJUIKitTests.m in Sources */,
			);
			runOnlyForDeploymentPostprocessing = 0;
		};
		0475BF011FD12E8A00617353 /* Sources */ = {
			isa = PBXSourcesBuildPhase;
			buildActionMask = 2147483647;
			files = (
				0475BF0A1FD12E8A00617353 /* ZJUIKitUITests.m in Sources */,
			);
			runOnlyForDeploymentPostprocessing = 0;
		};
/* End PBXSourcesBuildPhase section */

/* Begin PBXTargetDependency section */
		0475BEFC1FD12E8A00617353 /* PBXTargetDependency */ = {
			isa = PBXTargetDependency;
			target = 0475BEE11FD12E8A00617353 /* ZJUIKit */;
			targetProxy = 0475BEFB1FD12E8A00617353 /* PBXContainerItemProxy */;
		};
		0475BF071FD12E8A00617353 /* PBXTargetDependency */ = {
			isa = PBXTargetDependency;
			target = 0475BEE11FD12E8A00617353 /* ZJUIKit */;
			targetProxy = 0475BF061FD12E8A00617353 /* PBXContainerItemProxy */;
		};
/* End PBXTargetDependency section */

/* Begin PBXVariantGroup section */
		0475BEEB1FD12E8A00617353 /* Main.storyboard */ = {
			isa = PBXVariantGroup;
			children = (
				0475BEEC1FD12E8A00617353 /* Base */,
			);
			name = Main.storyboard;
			sourceTree = "<group>";
		};
		0475BEF01FD12E8A00617353 /* LaunchScreen.storyboard */ = {
			isa = PBXVariantGroup;
			children = (
				0475BEF11FD12E8A00617353 /* Base */,
			);
			name = LaunchScreen.storyboard;
			sourceTree = "<group>";
		};
/* End PBXVariantGroup section */

/* Begin XCBuildConfiguration section */
		0475BF0C1FD12E8A00617353 /* Debug */ = {
			isa = XCBuildConfiguration;
			buildSettings = {
				ALWAYS_SEARCH_USER_PATHS = NO;
				CLANG_ANALYZER_NONNULL = YES;
				CLANG_ANALYZER_NUMBER_OBJECT_CONVERSION = YES_AGGRESSIVE;
				CLANG_CXX_LANGUAGE_STANDARD = "gnu++14";
				CLANG_CXX_LIBRARY = "libc++";
				CLANG_ENABLE_MODULES = YES;
				CLANG_ENABLE_OBJC_ARC = YES;
				CLANG_WARN_BLOCK_CAPTURE_AUTORELEASING = YES;
				CLANG_WARN_BOOL_CONVERSION = YES;
				CLANG_WARN_COMMA = YES;
				CLANG_WARN_CONSTANT_CONVERSION = YES;
				CLANG_WARN_DIRECT_OBJC_ISA_USAGE = YES_ERROR;
				CLANG_WARN_DOCUMENTATION_COMMENTS = YES;
				CLANG_WARN_EMPTY_BODY = YES;
				CLANG_WARN_ENUM_CONVERSION = YES;
				CLANG_WARN_INFINITE_RECURSION = YES;
				CLANG_WARN_INT_CONVERSION = YES;
				CLANG_WARN_NON_LITERAL_NULL_CONVERSION = YES;
				CLANG_WARN_OBJC_LITERAL_CONVERSION = YES;
				CLANG_WARN_OBJC_ROOT_CLASS = YES_ERROR;
				CLANG_WARN_RANGE_LOOP_ANALYSIS = YES;
				CLANG_WARN_STRICT_PROTOTYPES = YES;
				CLANG_WARN_SUSPICIOUS_MOVE = YES;
				CLANG_WARN_UNGUARDED_AVAILABILITY = YES_AGGRESSIVE;
				CLANG_WARN_UNREACHABLE_CODE = YES;
				CLANG_WARN__DUPLICATE_METHOD_MATCH = YES;
				CODE_SIGN_IDENTITY = "iPhone Developer";
				COPY_PHASE_STRIP = NO;
				DEBUG_INFORMATION_FORMAT = dwarf;
				ENABLE_STRICT_OBJC_MSGSEND = YES;
				ENABLE_TESTABILITY = YES;
				GCC_C_LANGUAGE_STANDARD = gnu11;
				GCC_DYNAMIC_NO_PIC = NO;
				GCC_NO_COMMON_BLOCKS = YES;
				GCC_OPTIMIZATION_LEVEL = 0;
				GCC_PREPROCESSOR_DEFINITIONS = (
					"DEBUG=1",
					"$(inherited)",
				);
				GCC_WARN_64_TO_32_BIT_CONVERSION = YES;
				GCC_WARN_ABOUT_RETURN_TYPE = YES_ERROR;
				GCC_WARN_UNDECLARED_SELECTOR = YES;
				GCC_WARN_UNINITIALIZED_AUTOS = YES_AGGRESSIVE;
				GCC_WARN_UNUSED_FUNCTION = YES;
				GCC_WARN_UNUSED_VARIABLE = YES;
				IPHONEOS_DEPLOYMENT_TARGET = 11.1;
				MTL_ENABLE_DEBUG_INFO = YES;
				ONLY_ACTIVE_ARCH = YES;
				SDKROOT = iphoneos;
			};
			name = Debug;
		};
		0475BF0D1FD12E8A00617353 /* Release */ = {
			isa = XCBuildConfiguration;
			buildSettings = {
				ALWAYS_SEARCH_USER_PATHS = NO;
				CLANG_ANALYZER_NONNULL = YES;
				CLANG_ANALYZER_NUMBER_OBJECT_CONVERSION = YES_AGGRESSIVE;
				CLANG_CXX_LANGUAGE_STANDARD = "gnu++14";
				CLANG_CXX_LIBRARY = "libc++";
				CLANG_ENABLE_MODULES = YES;
				CLANG_ENABLE_OBJC_ARC = YES;
				CLANG_WARN_BLOCK_CAPTURE_AUTORELEASING = YES;
				CLANG_WARN_BOOL_CONVERSION = YES;
				CLANG_WARN_COMMA = YES;
				CLANG_WARN_CONSTANT_CONVERSION = YES;
				CLANG_WARN_DIRECT_OBJC_ISA_USAGE = YES_ERROR;
				CLANG_WARN_DOCUMENTATION_COMMENTS = YES;
				CLANG_WARN_EMPTY_BODY = YES;
				CLANG_WARN_ENUM_CONVERSION = YES;
				CLANG_WARN_INFINITE_RECURSION = YES;
				CLANG_WARN_INT_CONVERSION = YES;
				CLANG_WARN_NON_LITERAL_NULL_CONVERSION = YES;
				CLANG_WARN_OBJC_LITERAL_CONVERSION = YES;
				CLANG_WARN_OBJC_ROOT_CLASS = YES_ERROR;
				CLANG_WARN_RANGE_LOOP_ANALYSIS = YES;
				CLANG_WARN_STRICT_PROTOTYPES = YES;
				CLANG_WARN_SUSPICIOUS_MOVE = YES;
				CLANG_WARN_UNGUARDED_AVAILABILITY = YES_AGGRESSIVE;
				CLANG_WARN_UNREACHABLE_CODE = YES;
				CLANG_WARN__DUPLICATE_METHOD_MATCH = YES;
				CODE_SIGN_IDENTITY = "iPhone Developer";
				COPY_PHASE_STRIP = NO;
				DEBUG_INFORMATION_FORMAT = "dwarf-with-dsym";
				ENABLE_NS_ASSERTIONS = NO;
				ENABLE_STRICT_OBJC_MSGSEND = YES;
				GCC_C_LANGUAGE_STANDARD = gnu11;
				GCC_NO_COMMON_BLOCKS = YES;
				GCC_WARN_64_TO_32_BIT_CONVERSION = YES;
				GCC_WARN_ABOUT_RETURN_TYPE = YES_ERROR;
				GCC_WARN_UNDECLARED_SELECTOR = YES;
				GCC_WARN_UNINITIALIZED_AUTOS = YES_AGGRESSIVE;
				GCC_WARN_UNUSED_FUNCTION = YES;
				GCC_WARN_UNUSED_VARIABLE = YES;
				IPHONEOS_DEPLOYMENT_TARGET = 11.1;
				MTL_ENABLE_DEBUG_INFO = NO;
				SDKROOT = iphoneos;
				VALIDATE_PRODUCT = YES;
			};
			name = Release;
		};
		0475BF0F1FD12E8A00617353 /* Debug */ = {
			isa = XCBuildConfiguration;
			baseConfigurationReference = A489E547B7D3F30E6DCE41A0 /* Pods-ZJUIKit.debug.xcconfig */;
			buildSettings = {
				ASSETCATALOG_COMPILER_APPICON_NAME = AppIcon;
				CODE_SIGN_STYLE = Automatic;
				DEVELOPMENT_TEAM = J5M6M3U5ZY;
				GCC_PRECOMPILE_PREFIX_HEADER = YES;
				GCC_PREFIX_HEADER = ZJUIKit/Header.h;
				INFOPLIST_FILE = ZJUIKit/Info.plist;
				IPHONEOS_DEPLOYMENT_TARGET = 8.0;
				LD_RUNPATH_SEARCH_PATHS = "$(inherited) @executable_path/Frameworks";
				PRODUCT_BUNDLE_IDENTIFIER = com.kapokcloud.ZJUIKit;
				PRODUCT_NAME = "$(TARGET_NAME)";
				TARGETED_DEVICE_FAMILY = "1,2";
			};
			name = Debug;
		};
		0475BF101FD12E8A00617353 /* Release */ = {
			isa = XCBuildConfiguration;
			baseConfigurationReference = D2CF9E53DB85CE69674E5B9B /* Pods-ZJUIKit.release.xcconfig */;
			buildSettings = {
				ASSETCATALOG_COMPILER_APPICON_NAME = AppIcon;
				CODE_SIGN_STYLE = Automatic;
				DEVELOPMENT_TEAM = J5M6M3U5ZY;
				GCC_PRECOMPILE_PREFIX_HEADER = YES;
				GCC_PREFIX_HEADER = ZJUIKit/Header.h;
				INFOPLIST_FILE = ZJUIKit/Info.plist;
				IPHONEOS_DEPLOYMENT_TARGET = 8.0;
				LD_RUNPATH_SEARCH_PATHS = "$(inherited) @executable_path/Frameworks";
				PRODUCT_BUNDLE_IDENTIFIER = com.kapokcloud.ZJUIKit;
				PRODUCT_NAME = "$(TARGET_NAME)";
				TARGETED_DEVICE_FAMILY = "1,2";
			};
			name = Release;
		};
		0475BF121FD12E8A00617353 /* Debug */ = {
			isa = XCBuildConfiguration;
			baseConfigurationReference = 7BF8E0E7FECF7DA6DC8768B8 /* Pods-ZJUIKitTests.debug.xcconfig */;
			buildSettings = {
				BUNDLE_LOADER = "$(TEST_HOST)";
				CODE_SIGN_STYLE = Automatic;
				INFOPLIST_FILE = ZJUIKitTests/Info.plist;
				LD_RUNPATH_SEARCH_PATHS = "$(inherited) @executable_path/Frameworks @loader_path/Frameworks";
				PRODUCT_BUNDLE_IDENTIFIER = com.kapokcloud.ZJUIKitTests;
				PRODUCT_NAME = "$(TARGET_NAME)";
				TARGETED_DEVICE_FAMILY = "1,2";
				TEST_HOST = "$(BUILT_PRODUCTS_DIR)/ZJUIKit.app/ZJUIKit";
			};
			name = Debug;
		};
		0475BF131FD12E8A00617353 /* Release */ = {
			isa = XCBuildConfiguration;
			baseConfigurationReference = 56EBAE25D6B8273A0D70AF7E /* Pods-ZJUIKitTests.release.xcconfig */;
			buildSettings = {
				BUNDLE_LOADER = "$(TEST_HOST)";
				CODE_SIGN_STYLE = Automatic;
				INFOPLIST_FILE = ZJUIKitTests/Info.plist;
				LD_RUNPATH_SEARCH_PATHS = "$(inherited) @executable_path/Frameworks @loader_path/Frameworks";
				PRODUCT_BUNDLE_IDENTIFIER = com.kapokcloud.ZJUIKitTests;
				PRODUCT_NAME = "$(TARGET_NAME)";
				TARGETED_DEVICE_FAMILY = "1,2";
				TEST_HOST = "$(BUILT_PRODUCTS_DIR)/ZJUIKit.app/ZJUIKit";
			};
			name = Release;
		};
		0475BF151FD12E8A00617353 /* Debug */ = {
			isa = XCBuildConfiguration;
			baseConfigurationReference = 9D414060AF62FAA3F46DC873 /* Pods-ZJUIKitUITests.debug.xcconfig */;
			buildSettings = {
				CODE_SIGN_STYLE = Automatic;
				INFOPLIST_FILE = ZJUIKitUITests/Info.plist;
				LD_RUNPATH_SEARCH_PATHS = "$(inherited) @executable_path/Frameworks @loader_path/Frameworks";
				PRODUCT_BUNDLE_IDENTIFIER = com.kapokcloud.ZJUIKitUITests;
				PRODUCT_NAME = "$(TARGET_NAME)";
				TARGETED_DEVICE_FAMILY = "1,2";
				TEST_TARGET_NAME = ZJUIKit;
			};
			name = Debug;
		};
		0475BF161FD12E8A00617353 /* Release */ = {
			isa = XCBuildConfiguration;
			baseConfigurationReference = E1A635A4506E10FFB42EB6B8 /* Pods-ZJUIKitUITests.release.xcconfig */;
			buildSettings = {
				CODE_SIGN_STYLE = Automatic;
				INFOPLIST_FILE = ZJUIKitUITests/Info.plist;
				LD_RUNPATH_SEARCH_PATHS = "$(inherited) @executable_path/Frameworks @loader_path/Frameworks";
				PRODUCT_BUNDLE_IDENTIFIER = com.kapokcloud.ZJUIKitUITests;
				PRODUCT_NAME = "$(TARGET_NAME)";
				TARGETED_DEVICE_FAMILY = "1,2";
				TEST_TARGET_NAME = ZJUIKit;
			};
			name = Release;
		};
/* End XCBuildConfiguration section */

/* Begin XCConfigurationList section */
		0475BEDD1FD12E8A00617353 /* Build configuration list for PBXProject "ZJUIKit" */ = {
			isa = XCConfigurationList;
			buildConfigurations = (
				0475BF0C1FD12E8A00617353 /* Debug */,
				0475BF0D1FD12E8A00617353 /* Release */,
			);
			defaultConfigurationIsVisible = 0;
			defaultConfigurationName = Release;
		};
		0475BF0E1FD12E8A00617353 /* Build configuration list for PBXNativeTarget "ZJUIKit" */ = {
			isa = XCConfigurationList;
			buildConfigurations = (
				0475BF0F1FD12E8A00617353 /* Debug */,
				0475BF101FD12E8A00617353 /* Release */,
			);
			defaultConfigurationIsVisible = 0;
			defaultConfigurationName = Release;
		};
		0475BF111FD12E8A00617353 /* Build configuration list for PBXNativeTarget "ZJUIKitTests" */ = {
			isa = XCConfigurationList;
			buildConfigurations = (
				0475BF121FD12E8A00617353 /* Debug */,
				0475BF131FD12E8A00617353 /* Release */,
			);
			defaultConfigurationIsVisible = 0;
			defaultConfigurationName = Release;
		};
		0475BF141FD12E8A00617353 /* Build configuration list for PBXNativeTarget "ZJUIKitUITests" */ = {
			isa = XCConfigurationList;
			buildConfigurations = (
				0475BF151FD12E8A00617353 /* Debug */,
				0475BF161FD12E8A00617353 /* Release */,
			);
			defaultConfigurationIsVisible = 0;
			defaultConfigurationName = Release;
		};
/* End XCConfigurationList section */
	};
	rootObject = 0475BEDA1FD12E8A00617353 /* Project object */;
}
